// !$*UTF8*$!
{
	archiveVersion = 1;
	classes = {
	};
	objectVersion = 50;
	objects = {

/* Begin PBXBuildFile section */
		CB01664723C58D1F0097F6F6 /* SWEA_5644.cpp in Sources */ = {isa = PBXBuildFile; fileRef = CB01664623C58D1F0097F6F6 /* SWEA_5644.cpp */; };
		CB01664923C626000097F6F6 /* SWEA_5658.cpp in Sources */ = {isa = PBXBuildFile; fileRef = CB01664823C626000097F6F6 /* SWEA_5658.cpp */; };
		CB01664B23C8A25D0097F6F6 /* BOJ_15685.cpp in Sources */ = {isa = PBXBuildFile; fileRef = CB01664A23C8A25D0097F6F6 /* BOJ_15685.cpp */; };
		CB01665223CC4A310097F6F6 /* BOJ_15686.cpp in Sources */ = {isa = PBXBuildFile; fileRef = CB01665023CC4A310097F6F6 /* BOJ_15686.cpp */; };
		CB0B177223CDF2A4006AF1BB /* BOJ_16234.cpp in Sources */ = {isa = PBXBuildFile; fileRef = CB0B177123CDF2A4006AF1BB /* BOJ_16234.cpp */; };
		CB0E8EF123DFF30D0036589D /* SWEA_2105.cpp in Sources */ = {isa = PBXBuildFile; fileRef = CB0E8EF023DFF30D0036589D /* SWEA_2105.cpp */; };
		CB1852B9243F68F800B3A346 /* BOJ_1261.cpp in Sources */ = {isa = PBXBuildFile; fileRef = CB1852B8243F68F800B3A346 /* BOJ_1261.cpp */; };
		CB19DC2623C0838000ED66FA /* SWEA_2477.cpp in Sources */ = {isa = PBXBuildFile; fileRef = CB19DC2523C0838000ED66FA /* SWEA_2477.cpp */; };
		CB1AA9C22439E1B900CF1E86 /* 03_02.cpp in Sources */ = {isa = PBXBuildFile; fileRef = CB1AA9C12439E1B900CF1E86 /* 03_02.cpp */; };
		CB1AA9C42439E1D400CF1E86 /* 03_01.cpp in Sources */ = {isa = PBXBuildFile; fileRef = CB1AA9C32439E1D400CF1E86 /* 03_01.cpp */; };
		CB29820523F51333008DEA25 /* BOJ_17406.cpp in Sources */ = {isa = PBXBuildFile; fileRef = CB29820423F51333008DEA25 /* BOJ_17406.cpp */; };
		CB2A566E244C242900D9D96D /* BOJ_11726.cpp in Sources */ = {isa = PBXBuildFile; fileRef = CB2A566D244C242900D9D96D /* BOJ_11726.cpp */; };
		CB2A5670244C3E2800D9D96D /* BOJ_1912_1.cpp in Sources */ = {isa = PBXBuildFile; fileRef = CB2A566F244C3E2800D9D96D /* BOJ_1912_1.cpp */; };
		CB2A9A5F240645A400D75FE3 /* BOJ_16235.cpp in Sources */ = {isa = PBXBuildFile; fileRef = CB2A9A5E240645A400D75FE3 /* BOJ_16235.cpp */; };
		CB2AD63923E7F82300F66323 /* BOJ_17837.cpp in Sources */ = {isa = PBXBuildFile; fileRef = CB2AD63823E7F82300F66323 /* BOJ_17837.cpp */; };
		CB2BCD9E2404E692006307C3 /* BOJ_16236_RE.cpp in Sources */ = {isa = PBXBuildFile; fileRef = CB2BCD9D2404E692006307C3 /* BOJ_16236_RE.cpp */; };
		CB2CA9DB23E9462300C0C829 /* BOJ_17822_BF.cpp in Sources */ = {isa = PBXBuildFile; fileRef = CB2CA9DA23E9462300C0C829 /* BOJ_17822_BF.cpp */; };
		CB2CA9DD23E9463700C0C829 /* BOJ_17822_BFS.cpp in Sources */ = {isa = PBXBuildFile; fileRef = CB2CA9DC23E9463700C0C829 /* BOJ_17822_BFS.cpp */; };
		CB2D404723D544C800A67509 /* BOJ_5373.cpp in Sources */ = {isa = PBXBuildFile; fileRef = CB2D404623D544C800A67509 /* BOJ_5373.cpp */; };
		CB2DFA4423E6BF0100358206 /* BOJ_17070.cpp in Sources */ = {isa = PBXBuildFile; fileRef = CB2DFA4323E6BF0100358206 /* BOJ_17070.cpp */; };
		CB2DFA4623E6F27200358206 /* BOJ_16637.cpp in Sources */ = {isa = PBXBuildFile; fileRef = CB2DFA4523E6F27200358206 /* BOJ_16637.cpp */; };
		CB2E63CB23F83530006B02BC /* BOJ_2933.cpp in Sources */ = {isa = PBXBuildFile; fileRef = CB2E63CA23F83530006B02BC /* BOJ_2933.cpp */; };
		CB2F803123D45EF7009ADC71 /* BOJ_16236.cpp in Sources */ = {isa = PBXBuildFile; fileRef = CB2F803023D45EF7009ADC71 /* BOJ_16236.cpp */; };
		CB3084E323F392B3009116CD /* BOJ_14499_RE.cpp in Sources */ = {isa = PBXBuildFile; fileRef = CB3084E223F392B3009116CD /* BOJ_14499_RE.cpp */; };
		CB3278AF23E41E87002233B4 /* BOJ_17779.cpp in Sources */ = {isa = PBXBuildFile; fileRef = CB3278AE23E41E87002233B4 /* BOJ_17779.cpp */; };
		CB37D25523FCE0750093CDE6 /* SWEA_4014.cpp in Sources */ = {isa = PBXBuildFile; fileRef = CB37D25423FCE0750093CDE6 /* SWEA_4014.cpp */; };
		CB37D25723FE53110093CDE6 /* SWEA_4008.cpp in Sources */ = {isa = PBXBuildFile; fileRef = CB37D25623FE53110093CDE6 /* SWEA_4008.cpp */; };
		CB37D25923FFB3EB0093CDE6 /* SWEA_5648.cpp in Sources */ = {isa = PBXBuildFile; fileRef = CB37D25823FFB3EB0093CDE6 /* SWEA_5648.cpp */; };
		CB39A4F823D7D6AE00ABE97F /* BOJ_17472.cpp in Sources */ = {isa = PBXBuildFile; fileRef = CB2D404A23D599A300A67509 /* BOJ_17472.cpp */; };
		CB3D68F323DC3FBC0000AA4D /* SWEA_2382_1.cpp in Sources */ = {isa = PBXBuildFile; fileRef = CB3D68F223DC3FBC0000AA4D /* SWEA_2382_1.cpp */; };
		CB3D68F523DC41040000AA4D /* SWEA_2382_2.cpp in Sources */ = {isa = PBXBuildFile; fileRef = CB3D68F423DC41040000AA4D /* SWEA_2382_2.cpp */; };
		CB3D68F723DC60270000AA4D /* SWEA_2117.cpp in Sources */ = {isa = PBXBuildFile; fileRef = CB3D68F623DC60270000AA4D /* SWEA_2117.cpp */; };
		CB4149F223ED473B007A5CA1 /* BOJ_17140.cpp in Sources */ = {isa = PBXBuildFile; fileRef = CB4149F123ED473B007A5CA1 /* BOJ_17140.cpp */; };
		CB4149F423F0171A007A5CA1 /* BOJ_15644.cpp in Sources */ = {isa = PBXBuildFile; fileRef = CB4149F323F0171A007A5CA1 /* BOJ_15644.cpp */; };
		CB4149F623F03D71007A5CA1 /* BOJ_17143_RE.cpp in Sources */ = {isa = PBXBuildFile; fileRef = CB4149F523F03D71007A5CA1 /* BOJ_17143_RE.cpp */; };
		CB431ACB23F1233200EDB896 /* BOJ_12100.cpp in Sources */ = {isa = PBXBuildFile; fileRef = CB431ACA23F1233200EDB896 /* BOJ_12100.cpp */; };
		CB431ACD23F2651700EDB896 /* BOJ_17135_DP.cpp in Sources */ = {isa = PBXBuildFile; fileRef = CB431ACC23F2651700EDB896 /* BOJ_17135_DP.cpp */; };
		CB431ACF23F2828400EDB896 /* BOJ_17135_BFS.cpp in Sources */ = {isa = PBXBuildFile; fileRef = CB431ACE23F2828400EDB896 /* BOJ_17135_BFS.cpp */; };
		CB50BDFD23F65BE5000FE486 /* BOJ_17281.cpp in Sources */ = {isa = PBXBuildFile; fileRef = CB50BDFC23F65BE5000FE486 /* BOJ_17281.cpp */; };
		CB57E6CC241A758F00C45826 /* BOJ_17822_RE.cpp in Sources */ = {isa = PBXBuildFile; fileRef = CB57E6CB241A758F00C45826 /* BOJ_17822_RE.cpp */; };
		CB5A128423DB353E003B8FB0 /* SWEA_2383.cpp in Sources */ = {isa = PBXBuildFile; fileRef = CB5A128323DB353E003B8FB0 /* SWEA_2383.cpp */; };
		CB5C0E1823E16BE300134C1A /* SWEA_2112.cpp in Sources */ = {isa = PBXBuildFile; fileRef = CB5C0E1723E16BE300134C1A /* SWEA_2112.cpp */; };
		CB5C0E1A23E1993100134C1A /* SWEA_1953.cpp in Sources */ = {isa = PBXBuildFile; fileRef = CB5C0E1923E1993100134C1A /* SWEA_1953.cpp */; };
		CB5C0E1D23E296B700134C1A /* SWEA_1949.cpp in Sources */ = {isa = PBXBuildFile; fileRef = CB5C0E1B23E296B700134C1A /* SWEA_1949.cpp */; };
		CB5C0E1F23E2A90300134C1A /* SWEA_1952.cpp in Sources */ = {isa = PBXBuildFile; fileRef = CB5C0E1E23E2A90300134C1A /* SWEA_1952.cpp */; };
		CB5CA78D2411237700FB8AA3 /* SWEA_3074_RE.cpp in Sources */ = {isa = PBXBuildFile; fileRef = CB5CA78C2411237700FB8AA3 /* SWEA_3074_RE.cpp */; };
		CB6005D623B8EA5300D59FE6 /* BOJ_14499.cpp in Sources */ = {isa = PBXBuildFile; fileRef = CB6005D523B8EA5300D59FE6 /* BOJ_14499.cpp */; };
		CB6005D823B9DAF200D59FE6 /* BOJ_14500.cpp in Sources */ = {isa = PBXBuildFile; fileRef = CB6005D723B9DAF200D59FE6 /* BOJ_14500.cpp */; };
		CB6005DA23B9FF6E00D59FE6 /* BOJ_14501.cpp in Sources */ = {isa = PBXBuildFile; fileRef = CB6005D923B9FF6E00D59FE6 /* BOJ_14501.cpp */; };
		CB636D4824095C5F00A7349F /* BOJ_13460_RE.cpp in Sources */ = {isa = PBXBuildFile; fileRef = CB636D4724095C5F00A7349F /* BOJ_13460_RE.cpp */; };
		CB64D20223E576E4006A6BFA /* BOJ_17136.cpp in Sources */ = {isa = PBXBuildFile; fileRef = CB64D20123E576E4006A6BFA /* BOJ_17136.cpp */; };
		CB6E603923D981C600357DC5 /* BOJ_17142.cpp in Sources */ = {isa = PBXBuildFile; fileRef = CB6E603823D981C600357DC5 /* BOJ_17142.cpp */; };
		CB7256DC243C4FA800F862FD /* DijkstraAgorithm.cpp in Sources */ = {isa = PBXBuildFile; fileRef = CB7256DB243C4FA800F862FD /* DijkstraAgorithm.cpp */; };
		CB7256DE243C838200F862FD /* BOJ_5719.cpp in Sources */ = {isa = PBXBuildFile; fileRef = CB7256DD243C838200F862FD /* BOJ_5719.cpp */; };
		CB78422123BB6C9C00393474 /* BOJ_17144.cpp in Sources */ = {isa = PBXBuildFile; fileRef = CB78422023BB6C9C00393474 /* BOJ_17144.cpp */; };
		CB78422323BBD83D00393474 /* BOJ_17143.cpp in Sources */ = {isa = PBXBuildFile; fileRef = CB78422223BBD83D00393474 /* BOJ_17143.cpp */; };
		CB78422523BCC76B00393474 /* BOJ_14502.cpp in Sources */ = {isa = PBXBuildFile; fileRef = CB78422423BCC76B00393474 /* BOJ_14502.cpp */; };
		CB78422723BCF67000393474 /* BOJ_14503.cpp in Sources */ = {isa = PBXBuildFile; fileRef = CB78422623BCF67000393474 /* BOJ_14503.cpp */; };
		CB78422923BDF9CA00393474 /* BOJ_15683.cpp in Sources */ = {isa = PBXBuildFile; fileRef = CB78422823BDF9CA00393474 /* BOJ_15683.cpp */; };
		CB78422B23BE46B600393474 /* BOJ_15684.cpp in Sources */ = {isa = PBXBuildFile; fileRef = CB78422A23BE46B600393474 /* BOJ_15684.cpp */; };
		CB7B5FFB24372EB7007FE2DF /* BOJ_7344.cpp in Sources */ = {isa = PBXBuildFile; fileRef = CB7B5FFA24372EB7007FE2DF /* BOJ_7344.cpp */; };
		CB7B5FFD24374B35007FE2DF /* BOJ_2379.cpp in Sources */ = {isa = PBXBuildFile; fileRef = CB7B5FFC24374B35007FE2DF /* BOJ_2379.cpp */; };
		CB7B600024376616007FE2DF /* 01.cpp in Sources */ = {isa = PBXBuildFile; fileRef = CB7B5FFF24376616007FE2DF /* 01.cpp */; };
		CB7B600224377A92007FE2DF /* 02.cpp in Sources */ = {isa = PBXBuildFile; fileRef = CB7B600124377A92007FE2DF /* 02.cpp */; };
		CB7B600424383600007FE2DF /* 05.cpp in Sources */ = {isa = PBXBuildFile; fileRef = CB7B600324383600007FE2DF /* 05.cpp */; };
		CB7B600924389EE0007FE2DF /* 04.cpp in Sources */ = {isa = PBXBuildFile; fileRef = CB7B600724389896007FE2DF /* 04.cpp */; };
		CB7B600C2439630C007FE2DF /* 01.cpp in Sources */ = {isa = PBXBuildFile; fileRef = CB7B600B2439630C007FE2DF /* 01.cpp */; };
		CB7B600E2439631C007FE2DF /* 02.cpp in Sources */ = {isa = PBXBuildFile; fileRef = CB7B600D2439631C007FE2DF /* 02.cpp */; };
		CB7B60122439632A007FE2DF /* 04.cpp in Sources */ = {isa = PBXBuildFile; fileRef = CB7B60112439632A007FE2DF /* 04.cpp */; };
		CB7B601424396340007FE2DF /* 05.cpp in Sources */ = {isa = PBXBuildFile; fileRef = CB7B601324396340007FE2DF /* 05.cpp */; };
		CB7B601624396349007FE2DF /* 06.cpp in Sources */ = {isa = PBXBuildFile; fileRef = CB7B601524396349007FE2DF /* 06.cpp */; };
		CB7B601824396458007FE2DF /* BOJ_17619.cpp in Sources */ = {isa = PBXBuildFile; fileRef = CB7B601724396458007FE2DF /* BOJ_17619.cpp */; };
		CB7E8BA5242F84BB00FACF2D /* BOJ_12817.cpp in Sources */ = {isa = PBXBuildFile; fileRef = CB7E8BA4242F84BB00FACF2D /* BOJ_12817.cpp */; };
		CB870C58243B737500F48C94 /* BOJ_1017.cpp in Sources */ = {isa = PBXBuildFile; fileRef = CB870C57243B737500F48C94 /* BOJ_1017.cpp */; };
		CB870C5A243B832100F48C94 /* BOJ_1405.cpp in Sources */ = {isa = PBXBuildFile; fileRef = CB870C59243B832100F48C94 /* BOJ_1405.cpp */; };
		CB9000E12434598000822BE8 /* 01.cpp in Sources */ = {isa = PBXBuildFile; fileRef = CB9000E02434598000822BE8 /* 01.cpp */; };
		CB9000E324345F4D00822BE8 /* 02.cpp in Sources */ = {isa = PBXBuildFile; fileRef = CB9000E224345F4D00822BE8 /* 02.cpp */; };
		CB9000E52434645900822BE8 /* 03.cpp in Sources */ = {isa = PBXBuildFile; fileRef = CB9000E42434645900822BE8 /* 03.cpp */; };
		CB9000E72434962D00822BE8 /* 05.cpp in Sources */ = {isa = PBXBuildFile; fileRef = CB9000E62434962D00822BE8 /* 05.cpp */; };
		CB9000E92434963500822BE8 /* 04.cpp in Sources */ = {isa = PBXBuildFile; fileRef = CB9000E82434963500822BE8 /* 04.cpp */; };
		CB9000EB2434D95200822BE8 /* 06.cpp in Sources */ = {isa = PBXBuildFile; fileRef = CB9000EA2434D95200822BE8 /* 06.cpp */; };
		CB9559BF241E494400CF78AF /* BOJ_1753.cpp in Sources */ = {isa = PBXBuildFile; fileRef = CB9559BE241E494400CF78AF /* BOJ_1753.cpp */; };
		CB9CB74D244AC6A200594BDF /* BOJ_1463.cpp in Sources */ = {isa = PBXBuildFile; fileRef = CB9CB74C244AC6A200594BDF /* BOJ_1463.cpp */; };
		CB9CB74F244AD10C00594BDF /* BOJ_2579.cpp in Sources */ = {isa = PBXBuildFile; fileRef = CB9CB74E244AD10C00594BDF /* BOJ_2579.cpp */; };
		CB9CB751244ADC0900594BDF /* BOJ_2579_2.cpp in Sources */ = {isa = PBXBuildFile; fileRef = CB9CB750244ADC0900594BDF /* BOJ_2579_2.cpp */; };
		CB9CB753244AE34700594BDF /* BOJ_1149.cpp in Sources */ = {isa = PBXBuildFile; fileRef = CB9CB752244AE34700594BDF /* BOJ_1149.cpp */; };
		CB9CFD262403B065007763DB /* BOJ_3190_RE.cpp in Sources */ = {isa = PBXBuildFile; fileRef = CB9CFD252403B065007763DB /* BOJ_3190_RE.cpp */; };
		CBA0296323F95D2A00C467F9 /* SWEA_5653.cpp in Sources */ = {isa = PBXBuildFile; fileRef = CBA0296223F95D2A00C467F9 /* SWEA_5653.cpp */; };
		CBA0296523FA996E00C467F9 /* SWEA_5656.cpp in Sources */ = {isa = PBXBuildFile; fileRef = CBA0296423FA996E00C467F9 /* SWEA_5656.cpp */; };
		CBA0296723FBCE1100C467F9 /* SWEA_5650.cpp in Sources */ = {isa = PBXBuildFile; fileRef = CBA0296623FBCE1100C467F9 /* SWEA_5650.cpp */; };
		CBA79FBE243603320086DCFC /* BOJ_10026.cpp in Sources */ = {isa = PBXBuildFile; fileRef = CBA79FBD243603320086DCFC /* BOJ_10026.cpp */; };
		CBA79FC4243629B60086DCFC /* BOJ_1826.cpp in Sources */ = {isa = PBXBuildFile; fileRef = CBA79FC3243629B60086DCFC /* BOJ_1826.cpp */; };
		CBAE4A8B241BD68500ADBDAA /* BOJ_17143_RE_RE.cpp in Sources */ = {isa = PBXBuildFile; fileRef = CBAE4A8A241BD68500ADBDAA /* BOJ_17143_RE_RE.cpp */; };
		CBAE5E7E240D015500F723DD /* BOJ_15683_RE.cpp in Sources */ = {isa = PBXBuildFile; fileRef = CBAE5E7D240D015500F723DD /* BOJ_15683_RE.cpp */; };
		CBAE5E80240E067700F723DD /* BOJ_14503_RE.cpp in Sources */ = {isa = PBXBuildFile; fileRef = CBAE5E7F240E067700F723DD /* BOJ_14503_RE.cpp */; };
		CBAE5E82240E3A8600F723DD /* BOJ_15684_RE.cpp in Sources */ = {isa = PBXBuildFile; fileRef = CBAE5E81240E3A8600F723DD /* BOJ_15684_RE.cpp */; };
		CBB77AFA23B6284900627736 /* BOJ_12100_1.cpp in Sources */ = {isa = PBXBuildFile; fileRef = CBB77AF923B6284900627736 /* BOJ_12100_1.cpp */; };
		CBB77AFF23B62E3500627736 /* BOJ_12100_2.cpp in Sources */ = {isa = PBXBuildFile; fileRef = CBB77AFD23B62E3300627736 /* BOJ_12100_2.cpp */; };
		CBB77B0423B7787400627736 /* main.cpp in Sources */ = {isa = PBXBuildFile; fileRef = CBEA5E8323B0F8BB00F01AF8 /* main.cpp */; };
		CBB77B0623B778EA00627736 /* BOJ_3190.cpp in Sources */ = {isa = PBXBuildFile; fileRef = CBB77B0523B778EA00627736 /* BOJ_3190.cpp */; };
		CBB77B0823B77B3A00627736 /* BOJ_13458.cpp in Sources */ = {isa = PBXBuildFile; fileRef = CBB77B0723B77B3A00627736 /* BOJ_13458.cpp */; };
		CBB85461242E23AB003DDC80 /* BOJ_3980.cpp in Sources */ = {isa = PBXBuildFile; fileRef = CBB85460242E23AB003DDC80 /* BOJ_3980.cpp */; };
		CBC2985A240FB2EA0073C7DA /* BOJ_17838_RE.cpp in Sources */ = {isa = PBXBuildFile; fileRef = CBC29859240FB2EA0073C7DA /* BOJ_17838_RE.cpp */; };
		CBCBF49D2448535000061A7A /* BOJ_2206.cpp in Sources */ = {isa = PBXBuildFile; fileRef = CBCBF49C2448535000061A7A /* BOJ_2206.cpp */; };
		CBCBF49F2449A66B00061A7A /* BOJ_1018.cpp in Sources */ = {isa = PBXBuildFile; fileRef = CBCBF49E2449A66B00061A7A /* BOJ_1018.cpp */; };
		CBCBF4A12449BA0900061A7A /* BOJ_1021.cpp in Sources */ = {isa = PBXBuildFile; fileRef = CBCBF4A02449BA0900061A7A /* BOJ_1021.cpp */; };
		CBCBF4A32449C52C00061A7A /* BOJ_1966.cpp in Sources */ = {isa = PBXBuildFile; fileRef = CBCBF4A22449C52C00061A7A /* BOJ_1966.cpp */; };
		CBCBF4A52449DC6A00061A7A /* BOJ_1614.cpp in Sources */ = {isa = PBXBuildFile; fileRef = CBCBF4A42449DC6A00061A7A /* BOJ_1614.cpp */; };
		CBCC372123DD8C7D00681D02 /* SWEA_2115.cpp in Sources */ = {isa = PBXBuildFile; fileRef = CBCC372023DD8C7D00681D02 /* SWEA_2115.cpp */; };
		CBD485A32430C4B100F74820 /* BOJ_1005.cpp in Sources */ = {isa = PBXBuildFile; fileRef = CBD485A22430C4B100F74820 /* BOJ_1005.cpp */; };
		CBE1CE2E23C4B557009B5EBB /* SWEA_4012.cpp in Sources */ = {isa = PBXBuildFile; fileRef = CBE1CE2D23C4B557009B5EBB /* SWEA_4012.cpp */; };
		CBE5721323E5A70A00794A01 /* BOJ_17471.cpp in Sources */ = {isa = PBXBuildFile; fileRef = CBE5721223E5A70A00794A01 /* BOJ_17471.cpp */; };
		CBEA5E8E23B0F8F200F01AF8 /* SWEA_3074.cpp in Sources */ = {isa = PBXBuildFile; fileRef = CBEA5E8C23B0F8F200F01AF8 /* SWEA_3074.cpp */; };
		CBEA5E9123B2079900F01AF8 /* SWEA_1824.cpp in Sources */ = {isa = PBXBuildFile; fileRef = CBEA5E8F23B2079900F01AF8 /* SWEA_1824.cpp */; };
		CBEA5E9623B49D1200F01AF8 /* SWEA_1486.cpp in Sources */ = {isa = PBXBuildFile; fileRef = CBEA5E9523B49D1200F01AF8 /* SWEA_1486.cpp */; };
		CBEA5EA423B4CF0700F01AF8 /* SWEA_1767.cpp in Sources */ = {isa = PBXBuildFile; fileRef = CBEA5EA323B4CF0700F01AF8 /* SWEA_1767.cpp */; };
		CBEA5EA723B4D82C00F01AF8 /* SWEA_1204.cpp in Sources */ = {isa = PBXBuildFile; fileRef = CBEA5EA623B4D82C00F01AF8 /* SWEA_1204.cpp */; };
		CBEA5EAA23B4DCF100F01AF8 /* BOJ_13460.cpp in Sources */ = {isa = PBXBuildFile; fileRef = CBEA5EA923B4DCF100F01AF8 /* BOJ_13460.cpp */; };
		CBFB7EE42416164E00873981 /* SWEA_4796.cpp in Sources */ = {isa = PBXBuildFile; fileRef = CBFB7EE32416164E00873981 /* SWEA_4796.cpp */; };
		CBFB7EE62417703A00873981 /* BOJ_14500_RE.cpp in Sources */ = {isa = PBXBuildFile; fileRef = CBFB7EE52417703A00873981 /* BOJ_14500_RE.cpp */; };
/* End PBXBuildFile section */

/* Begin PBXCopyFilesBuildPhase section */
		CBEA5E7E23B0F8BB00F01AF8 /* CopyFiles */ = {
			isa = PBXCopyFilesBuildPhase;
			buildActionMask = 2147483647;
			dstPath = /usr/share/man/man1/;
			dstSubfolderSpec = 0;
			files = (
			);
			runOnlyForDeploymentPostprocessing = 1;
		};
		CBEA5E9923B4C21E00F01AF8 /* CopyFiles */ = {
			isa = PBXCopyFilesBuildPhase;
			buildActionMask = 2147483647;
			dstPath = /usr/share/man/man1/;
			dstSubfolderSpec = 0;
			files = (
			);
			runOnlyForDeploymentPostprocessing = 1;
		};
/* End PBXCopyFilesBuildPhase section */

/* Begin PBXFileReference section */
		CB01664623C58D1F0097F6F6 /* SWEA_5644.cpp */ = {isa = PBXFileReference; lastKnownFileType = sourcecode.cpp.cpp; path = SWEA_5644.cpp; sourceTree = "<group>"; };
		CB01664823C626000097F6F6 /* SWEA_5658.cpp */ = {isa = PBXFileReference; lastKnownFileType = sourcecode.cpp.cpp; path = SWEA_5658.cpp; sourceTree = "<group>"; };
		CB01664A23C8A25D0097F6F6 /* BOJ_15685.cpp */ = {isa = PBXFileReference; lastKnownFileType = sourcecode.cpp.cpp; path = BOJ_15685.cpp; sourceTree = "<group>"; };
		CB01665023CC4A310097F6F6 /* BOJ_15686.cpp */ = {isa = PBXFileReference; lastKnownFileType = sourcecode.cpp.cpp; path = BOJ_15686.cpp; sourceTree = "<group>"; };
		CB0B177123CDF2A4006AF1BB /* BOJ_16234.cpp */ = {isa = PBXFileReference; lastKnownFileType = sourcecode.cpp.cpp; path = BOJ_16234.cpp; sourceTree = "<group>"; };
		CB0E8EF023DFF30D0036589D /* SWEA_2105.cpp */ = {isa = PBXFileReference; lastKnownFileType = sourcecode.cpp.cpp; path = SWEA_2105.cpp; sourceTree = "<group>"; };
		CB1852B8243F68F800B3A346 /* BOJ_1261.cpp */ = {isa = PBXFileReference; lastKnownFileType = sourcecode.cpp.cpp; path = BOJ_1261.cpp; sourceTree = "<group>"; };
		CB19DC2523C0838000ED66FA /* SWEA_2477.cpp */ = {isa = PBXFileReference; lastKnownFileType = sourcecode.cpp.cpp; path = SWEA_2477.cpp; sourceTree = "<group>"; };
		CB1AA9C12439E1B900CF1E86 /* 03_02.cpp */ = {isa = PBXFileReference; lastKnownFileType = sourcecode.cpp.cpp; path = 03_02.cpp; sourceTree = "<group>"; };
		CB1AA9C32439E1D400CF1E86 /* 03_01.cpp */ = {isa = PBXFileReference; lastKnownFileType = sourcecode.cpp.cpp; path = 03_01.cpp; sourceTree = "<group>"; };
		CB29820423F51333008DEA25 /* BOJ_17406.cpp */ = {isa = PBXFileReference; lastKnownFileType = sourcecode.cpp.cpp; path = BOJ_17406.cpp; sourceTree = "<group>"; };
		CB2A566D244C242900D9D96D /* BOJ_11726.cpp */ = {isa = PBXFileReference; lastKnownFileType = sourcecode.cpp.cpp; path = BOJ_11726.cpp; sourceTree = "<group>"; };
		CB2A566F244C3E2800D9D96D /* BOJ_1912_1.cpp */ = {isa = PBXFileReference; lastKnownFileType = sourcecode.cpp.cpp; path = BOJ_1912_1.cpp; sourceTree = "<group>"; };
		CB2A9A5E240645A400D75FE3 /* BOJ_16235.cpp */ = {isa = PBXFileReference; lastKnownFileType = sourcecode.cpp.cpp; path = BOJ_16235.cpp; sourceTree = "<group>"; };
		CB2AD63823E7F82300F66323 /* BOJ_17837.cpp */ = {isa = PBXFileReference; lastKnownFileType = sourcecode.cpp.cpp; path = BOJ_17837.cpp; sourceTree = "<group>"; };
		CB2BCD9D2404E692006307C3 /* BOJ_16236_RE.cpp */ = {isa = PBXFileReference; lastKnownFileType = sourcecode.cpp.cpp; path = BOJ_16236_RE.cpp; sourceTree = "<group>"; };
		CB2CA9DA23E9462300C0C829 /* BOJ_17822_BF.cpp */ = {isa = PBXFileReference; lastKnownFileType = sourcecode.cpp.cpp; path = BOJ_17822_BF.cpp; sourceTree = "<group>"; };
		CB2CA9DC23E9463700C0C829 /* BOJ_17822_BFS.cpp */ = {isa = PBXFileReference; lastKnownFileType = sourcecode.cpp.cpp; path = BOJ_17822_BFS.cpp; sourceTree = "<group>"; };
		CB2D404623D544C800A67509 /* BOJ_5373.cpp */ = {isa = PBXFileReference; lastKnownFileType = sourcecode.cpp.cpp; path = BOJ_5373.cpp; sourceTree = "<group>"; };
		CB2D404A23D599A300A67509 /* BOJ_17472.cpp */ = {isa = PBXFileReference; lastKnownFileType = sourcecode.cpp.cpp; path = BOJ_17472.cpp; sourceTree = "<group>"; };
		CB2DFA4323E6BF0100358206 /* BOJ_17070.cpp */ = {isa = PBXFileReference; lastKnownFileType = sourcecode.cpp.cpp; path = BOJ_17070.cpp; sourceTree = "<group>"; };
		CB2DFA4523E6F27200358206 /* BOJ_16637.cpp */ = {isa = PBXFileReference; lastKnownFileType = sourcecode.cpp.cpp; path = BOJ_16637.cpp; sourceTree = "<group>"; };
		CB2E63CA23F83530006B02BC /* BOJ_2933.cpp */ = {isa = PBXFileReference; lastKnownFileType = sourcecode.cpp.cpp; path = BOJ_2933.cpp; sourceTree = "<group>"; };
		CB2F803023D45EF7009ADC71 /* BOJ_16236.cpp */ = {isa = PBXFileReference; lastKnownFileType = sourcecode.cpp.cpp; path = BOJ_16236.cpp; sourceTree = "<group>"; };
		CB3084E223F392B3009116CD /* BOJ_14499_RE.cpp */ = {isa = PBXFileReference; lastKnownFileType = sourcecode.cpp.cpp; path = BOJ_14499_RE.cpp; sourceTree = "<group>"; };
		CB3278AE23E41E87002233B4 /* BOJ_17779.cpp */ = {isa = PBXFileReference; lastKnownFileType = sourcecode.cpp.cpp; path = BOJ_17779.cpp; sourceTree = "<group>"; };
		CB37D25423FCE0750093CDE6 /* SWEA_4014.cpp */ = {isa = PBXFileReference; lastKnownFileType = sourcecode.cpp.cpp; path = SWEA_4014.cpp; sourceTree = "<group>"; };
		CB37D25623FE53110093CDE6 /* SWEA_4008.cpp */ = {isa = PBXFileReference; lastKnownFileType = sourcecode.cpp.cpp; path = SWEA_4008.cpp; sourceTree = "<group>"; };
		CB37D25823FFB3EB0093CDE6 /* SWEA_5648.cpp */ = {isa = PBXFileReference; lastKnownFileType = sourcecode.cpp.cpp; path = SWEA_5648.cpp; sourceTree = "<group>"; };
		CB3D68F223DC3FBC0000AA4D /* SWEA_2382_1.cpp */ = {isa = PBXFileReference; lastKnownFileType = sourcecode.cpp.cpp; path = SWEA_2382_1.cpp; sourceTree = "<group>"; };
		CB3D68F423DC41040000AA4D /* SWEA_2382_2.cpp */ = {isa = PBXFileReference; lastKnownFileType = sourcecode.cpp.cpp; path = SWEA_2382_2.cpp; sourceTree = "<group>"; };
		CB3D68F623DC60270000AA4D /* SWEA_2117.cpp */ = {isa = PBXFileReference; lastKnownFileType = sourcecode.cpp.cpp; path = SWEA_2117.cpp; sourceTree = "<group>"; };
		CB4149F123ED473B007A5CA1 /* BOJ_17140.cpp */ = {isa = PBXFileReference; lastKnownFileType = sourcecode.cpp.cpp; path = BOJ_17140.cpp; sourceTree = "<group>"; };
		CB4149F323F0171A007A5CA1 /* BOJ_15644.cpp */ = {isa = PBXFileReference; lastKnownFileType = sourcecode.cpp.cpp; path = BOJ_15644.cpp; sourceTree = "<group>"; };
		CB4149F523F03D71007A5CA1 /* BOJ_17143_RE.cpp */ = {isa = PBXFileReference; lastKnownFileType = sourcecode.cpp.cpp; path = BOJ_17143_RE.cpp; sourceTree = "<group>"; };
		CB431ACA23F1233200EDB896 /* BOJ_12100.cpp */ = {isa = PBXFileReference; lastKnownFileType = sourcecode.cpp.cpp; path = BOJ_12100.cpp; sourceTree = "<group>"; };
		CB431ACC23F2651700EDB896 /* BOJ_17135_DP.cpp */ = {isa = PBXFileReference; lastKnownFileType = sourcecode.cpp.cpp; path = BOJ_17135_DP.cpp; sourceTree = "<group>"; };
		CB431ACE23F2828400EDB896 /* BOJ_17135_BFS.cpp */ = {isa = PBXFileReference; lastKnownFileType = sourcecode.cpp.cpp; path = BOJ_17135_BFS.cpp; sourceTree = "<group>"; };
		CB50BDFC23F65BE5000FE486 /* BOJ_17281.cpp */ = {isa = PBXFileReference; lastKnownFileType = sourcecode.cpp.cpp; path = BOJ_17281.cpp; sourceTree = "<group>"; };
		CB57E6CB241A758F00C45826 /* BOJ_17822_RE.cpp */ = {isa = PBXFileReference; lastKnownFileType = sourcecode.cpp.cpp; path = BOJ_17822_RE.cpp; sourceTree = "<group>"; };
		CB5A128323DB353E003B8FB0 /* SWEA_2383.cpp */ = {isa = PBXFileReference; lastKnownFileType = sourcecode.cpp.cpp; path = SWEA_2383.cpp; sourceTree = "<group>"; };
		CB5C0E1723E16BE300134C1A /* SWEA_2112.cpp */ = {isa = PBXFileReference; lastKnownFileType = sourcecode.cpp.cpp; path = SWEA_2112.cpp; sourceTree = "<group>"; };
		CB5C0E1923E1993100134C1A /* SWEA_1953.cpp */ = {isa = PBXFileReference; lastKnownFileType = sourcecode.cpp.cpp; path = SWEA_1953.cpp; sourceTree = "<group>"; };
		CB5C0E1B23E296B700134C1A /* SWEA_1949.cpp */ = {isa = PBXFileReference; lastKnownFileType = sourcecode.cpp.cpp; path = SWEA_1949.cpp; sourceTree = "<group>"; };
		CB5C0E1E23E2A90300134C1A /* SWEA_1952.cpp */ = {isa = PBXFileReference; lastKnownFileType = sourcecode.cpp.cpp; path = SWEA_1952.cpp; sourceTree = "<group>"; };
		CB5CA78C2411237700FB8AA3 /* SWEA_3074_RE.cpp */ = {isa = PBXFileReference; lastKnownFileType = sourcecode.cpp.cpp; path = SWEA_3074_RE.cpp; sourceTree = "<group>"; };
		CB6005D523B8EA5300D59FE6 /* BOJ_14499.cpp */ = {isa = PBXFileReference; lastKnownFileType = sourcecode.cpp.cpp; path = BOJ_14499.cpp; sourceTree = "<group>"; };
		CB6005D723B9DAF200D59FE6 /* BOJ_14500.cpp */ = {isa = PBXFileReference; lastKnownFileType = sourcecode.cpp.cpp; path = BOJ_14500.cpp; sourceTree = "<group>"; };
		CB6005D923B9FF6E00D59FE6 /* BOJ_14501.cpp */ = {isa = PBXFileReference; lastKnownFileType = sourcecode.cpp.cpp; path = BOJ_14501.cpp; sourceTree = "<group>"; };
		CB636D4724095C5F00A7349F /* BOJ_13460_RE.cpp */ = {isa = PBXFileReference; lastKnownFileType = sourcecode.cpp.cpp; path = BOJ_13460_RE.cpp; sourceTree = "<group>"; };
		CB64D20123E576E4006A6BFA /* BOJ_17136.cpp */ = {isa = PBXFileReference; lastKnownFileType = sourcecode.cpp.cpp; path = BOJ_17136.cpp; sourceTree = "<group>"; };
		CB6E603823D981C600357DC5 /* BOJ_17142.cpp */ = {isa = PBXFileReference; lastKnownFileType = sourcecode.cpp.cpp; path = BOJ_17142.cpp; sourceTree = "<group>"; };
		CB7256DB243C4FA800F862FD /* DijkstraAgorithm.cpp */ = {isa = PBXFileReference; lastKnownFileType = sourcecode.cpp.cpp; path = DijkstraAgorithm.cpp; sourceTree = "<group>"; };
		CB7256DD243C838200F862FD /* BOJ_5719.cpp */ = {isa = PBXFileReference; lastKnownFileType = sourcecode.cpp.cpp; path = BOJ_5719.cpp; sourceTree = "<group>"; };
		CB78422023BB6C9C00393474 /* BOJ_17144.cpp */ = {isa = PBXFileReference; lastKnownFileType = sourcecode.cpp.cpp; path = BOJ_17144.cpp; sourceTree = "<group>"; };
		CB78422223BBD83D00393474 /* BOJ_17143.cpp */ = {isa = PBXFileReference; lastKnownFileType = sourcecode.cpp.cpp; path = BOJ_17143.cpp; sourceTree = "<group>"; };
		CB78422423BCC76B00393474 /* BOJ_14502.cpp */ = {isa = PBXFileReference; lastKnownFileType = sourcecode.cpp.cpp; path = BOJ_14502.cpp; sourceTree = "<group>"; };
		CB78422623BCF67000393474 /* BOJ_14503.cpp */ = {isa = PBXFileReference; lastKnownFileType = sourcecode.cpp.cpp; path = BOJ_14503.cpp; sourceTree = "<group>"; };
		CB78422823BDF9CA00393474 /* BOJ_15683.cpp */ = {isa = PBXFileReference; lastKnownFileType = sourcecode.cpp.cpp; path = BOJ_15683.cpp; sourceTree = "<group>"; };
		CB78422A23BE46B600393474 /* BOJ_15684.cpp */ = {isa = PBXFileReference; lastKnownFileType = sourcecode.cpp.cpp; path = BOJ_15684.cpp; sourceTree = "<group>"; };
		CB7B5FFA24372EB7007FE2DF /* BOJ_7344.cpp */ = {isa = PBXFileReference; lastKnownFileType = sourcecode.cpp.cpp; path = BOJ_7344.cpp; sourceTree = "<group>"; };
		CB7B5FFC24374B35007FE2DF /* BOJ_2379.cpp */ = {isa = PBXFileReference; lastKnownFileType = sourcecode.cpp.cpp; path = BOJ_2379.cpp; sourceTree = "<group>"; };
		CB7B5FFF24376616007FE2DF /* 01.cpp */ = {isa = PBXFileReference; lastKnownFileType = sourcecode.cpp.cpp; path = 01.cpp; sourceTree = "<group>"; };
		CB7B600124377A92007FE2DF /* 02.cpp */ = {isa = PBXFileReference; lastKnownFileType = sourcecode.cpp.cpp; path = 02.cpp; sourceTree = "<group>"; };
		CB7B600324383600007FE2DF /* 05.cpp */ = {isa = PBXFileReference; lastKnownFileType = sourcecode.cpp.cpp; path = 05.cpp; sourceTree = "<group>"; };
		CB7B600724389896007FE2DF /* 04.cpp */ = {isa = PBXFileReference; lastKnownFileType = sourcecode.cpp.cpp; path = 04.cpp; sourceTree = "<group>"; };
		CB7B600B2439630C007FE2DF /* 01.cpp */ = {isa = PBXFileReference; lastKnownFileType = sourcecode.cpp.cpp; path = 01.cpp; sourceTree = "<group>"; };
		CB7B600D2439631C007FE2DF /* 02.cpp */ = {isa = PBXFileReference; lastKnownFileType = sourcecode.cpp.cpp; path = 02.cpp; sourceTree = "<group>"; };
		CB7B60112439632A007FE2DF /* 04.cpp */ = {isa = PBXFileReference; lastKnownFileType = sourcecode.cpp.cpp; path = 04.cpp; sourceTree = "<group>"; };
		CB7B601324396340007FE2DF /* 05.cpp */ = {isa = PBXFileReference; lastKnownFileType = sourcecode.cpp.cpp; path = 05.cpp; sourceTree = "<group>"; };
		CB7B601524396349007FE2DF /* 06.cpp */ = {isa = PBXFileReference; lastKnownFileType = sourcecode.cpp.cpp; path = 06.cpp; sourceTree = "<group>"; };
		CB7B601724396458007FE2DF /* BOJ_17619.cpp */ = {isa = PBXFileReference; lastKnownFileType = sourcecode.cpp.cpp; path = BOJ_17619.cpp; sourceTree = "<group>"; };
		CB7E8BA4242F84BB00FACF2D /* BOJ_12817.cpp */ = {isa = PBXFileReference; lastKnownFileType = sourcecode.cpp.cpp; path = BOJ_12817.cpp; sourceTree = "<group>"; };
		CB870C57243B737500F48C94 /* BOJ_1017.cpp */ = {isa = PBXFileReference; lastKnownFileType = sourcecode.cpp.cpp; path = BOJ_1017.cpp; sourceTree = "<group>"; };
		CB870C59243B832100F48C94 /* BOJ_1405.cpp */ = {isa = PBXFileReference; lastKnownFileType = sourcecode.cpp.cpp; path = BOJ_1405.cpp; sourceTree = "<group>"; };
		CB9000E02434598000822BE8 /* 01.cpp */ = {isa = PBXFileReference; lastKnownFileType = sourcecode.cpp.cpp; path = 01.cpp; sourceTree = "<group>"; };
		CB9000E224345F4D00822BE8 /* 02.cpp */ = {isa = PBXFileReference; lastKnownFileType = sourcecode.cpp.cpp; path = 02.cpp; sourceTree = "<group>"; };
		CB9000E42434645900822BE8 /* 03.cpp */ = {isa = PBXFileReference; lastKnownFileType = sourcecode.cpp.cpp; path = 03.cpp; sourceTree = "<group>"; };
		CB9000E62434962D00822BE8 /* 05.cpp */ = {isa = PBXFileReference; lastKnownFileType = sourcecode.cpp.cpp; path = 05.cpp; sourceTree = "<group>"; };
		CB9000E82434963500822BE8 /* 04.cpp */ = {isa = PBXFileReference; lastKnownFileType = sourcecode.cpp.cpp; path = 04.cpp; sourceTree = "<group>"; };
		CB9000EA2434D95200822BE8 /* 06.cpp */ = {isa = PBXFileReference; lastKnownFileType = sourcecode.cpp.cpp; path = 06.cpp; sourceTree = "<group>"; };
		CB9559BE241E494400CF78AF /* BOJ_1753.cpp */ = {isa = PBXFileReference; lastKnownFileType = sourcecode.cpp.cpp; path = BOJ_1753.cpp; sourceTree = "<group>"; };
		CB9CB74C244AC6A200594BDF /* BOJ_1463.cpp */ = {isa = PBXFileReference; lastKnownFileType = sourcecode.cpp.cpp; path = BOJ_1463.cpp; sourceTree = "<group>"; };
		CB9CB74E244AD10C00594BDF /* BOJ_2579.cpp */ = {isa = PBXFileReference; lastKnownFileType = sourcecode.cpp.cpp; path = BOJ_2579.cpp; sourceTree = "<group>"; };
		CB9CB750244ADC0900594BDF /* BOJ_2579_2.cpp */ = {isa = PBXFileReference; lastKnownFileType = sourcecode.cpp.cpp; path = BOJ_2579_2.cpp; sourceTree = "<group>"; };
		CB9CB752244AE34700594BDF /* BOJ_1149.cpp */ = {isa = PBXFileReference; lastKnownFileType = sourcecode.cpp.cpp; path = BOJ_1149.cpp; sourceTree = "<group>"; };
		CB9CFD252403B065007763DB /* BOJ_3190_RE.cpp */ = {isa = PBXFileReference; lastKnownFileType = sourcecode.cpp.cpp; path = BOJ_3190_RE.cpp; sourceTree = "<group>"; };
		CBA0296223F95D2A00C467F9 /* SWEA_5653.cpp */ = {isa = PBXFileReference; lastKnownFileType = sourcecode.cpp.cpp; path = SWEA_5653.cpp; sourceTree = "<group>"; };
		CBA0296423FA996E00C467F9 /* SWEA_5656.cpp */ = {isa = PBXFileReference; lastKnownFileType = sourcecode.cpp.cpp; path = SWEA_5656.cpp; sourceTree = "<group>"; };
		CBA0296623FBCE1100C467F9 /* SWEA_5650.cpp */ = {isa = PBXFileReference; lastKnownFileType = sourcecode.cpp.cpp; path = SWEA_5650.cpp; sourceTree = "<group>"; };
		CBA79FBD243603320086DCFC /* BOJ_10026.cpp */ = {isa = PBXFileReference; lastKnownFileType = sourcecode.cpp.cpp; path = BOJ_10026.cpp; sourceTree = "<group>"; };
		CBA79FC3243629B60086DCFC /* BOJ_1826.cpp */ = {isa = PBXFileReference; lastKnownFileType = sourcecode.cpp.cpp; path = BOJ_1826.cpp; sourceTree = "<group>"; };
		CBAE4A8A241BD68500ADBDAA /* BOJ_17143_RE_RE.cpp */ = {isa = PBXFileReference; lastKnownFileType = sourcecode.cpp.cpp; path = BOJ_17143_RE_RE.cpp; sourceTree = "<group>"; };
		CBAE5E7D240D015500F723DD /* BOJ_15683_RE.cpp */ = {isa = PBXFileReference; lastKnownFileType = sourcecode.cpp.cpp; path = BOJ_15683_RE.cpp; sourceTree = "<group>"; };
		CBAE5E7F240E067700F723DD /* BOJ_14503_RE.cpp */ = {isa = PBXFileReference; lastKnownFileType = sourcecode.cpp.cpp; path = BOJ_14503_RE.cpp; sourceTree = "<group>"; };
		CBAE5E81240E3A8600F723DD /* BOJ_15684_RE.cpp */ = {isa = PBXFileReference; lastKnownFileType = sourcecode.cpp.cpp; path = BOJ_15684_RE.cpp; sourceTree = "<group>"; };
		CBB77AF923B6284900627736 /* BOJ_12100_1.cpp */ = {isa = PBXFileReference; lastKnownFileType = sourcecode.cpp.cpp; path = BOJ_12100_1.cpp; sourceTree = "<group>"; };
		CBB77AFD23B62E3300627736 /* BOJ_12100_2.cpp */ = {isa = PBXFileReference; lastKnownFileType = sourcecode.cpp.cpp; path = BOJ_12100_2.cpp; sourceTree = "<group>"; };
		CBB77B0523B778EA00627736 /* BOJ_3190.cpp */ = {isa = PBXFileReference; lastKnownFileType = sourcecode.cpp.cpp; path = BOJ_3190.cpp; sourceTree = "<group>"; };
		CBB77B0723B77B3A00627736 /* BOJ_13458.cpp */ = {isa = PBXFileReference; lastKnownFileType = sourcecode.cpp.cpp; path = BOJ_13458.cpp; sourceTree = "<group>"; };
		CBB85460242E23AB003DDC80 /* BOJ_3980.cpp */ = {isa = PBXFileReference; lastKnownFileType = sourcecode.cpp.cpp; path = BOJ_3980.cpp; sourceTree = "<group>"; };
		CBC29859240FB2EA0073C7DA /* BOJ_17838_RE.cpp */ = {isa = PBXFileReference; lastKnownFileType = sourcecode.cpp.cpp; path = BOJ_17838_RE.cpp; sourceTree = "<group>"; };
		CBCBF49C2448535000061A7A /* BOJ_2206.cpp */ = {isa = PBXFileReference; lastKnownFileType = sourcecode.cpp.cpp; path = BOJ_2206.cpp; sourceTree = "<group>"; };
		CBCBF49E2449A66B00061A7A /* BOJ_1018.cpp */ = {isa = PBXFileReference; lastKnownFileType = sourcecode.cpp.cpp; path = BOJ_1018.cpp; sourceTree = "<group>"; };
		CBCBF4A02449BA0900061A7A /* BOJ_1021.cpp */ = {isa = PBXFileReference; lastKnownFileType = sourcecode.cpp.cpp; path = BOJ_1021.cpp; sourceTree = "<group>"; };
		CBCBF4A22449C52C00061A7A /* BOJ_1966.cpp */ = {isa = PBXFileReference; lastKnownFileType = sourcecode.cpp.cpp; path = BOJ_1966.cpp; sourceTree = "<group>"; };
		CBCBF4A42449DC6A00061A7A /* BOJ_1614.cpp */ = {isa = PBXFileReference; lastKnownFileType = sourcecode.cpp.cpp; path = BOJ_1614.cpp; sourceTree = "<group>"; };
		CBCC372023DD8C7D00681D02 /* SWEA_2115.cpp */ = {isa = PBXFileReference; lastKnownFileType = sourcecode.cpp.cpp; path = SWEA_2115.cpp; sourceTree = "<group>"; };
		CBD485A22430C4B100F74820 /* BOJ_1005.cpp */ = {isa = PBXFileReference; lastKnownFileType = sourcecode.cpp.cpp; path = BOJ_1005.cpp; sourceTree = "<group>"; };
		CBE1CE2D23C4B557009B5EBB /* SWEA_4012.cpp */ = {isa = PBXFileReference; lastKnownFileType = sourcecode.cpp.cpp; path = SWEA_4012.cpp; sourceTree = "<group>"; };
		CBE5721223E5A70A00794A01 /* BOJ_17471.cpp */ = {isa = PBXFileReference; lastKnownFileType = sourcecode.cpp.cpp; path = BOJ_17471.cpp; sourceTree = "<group>"; };
		CBEA5E8023B0F8BB00F01AF8 /* Algorithm */ = {isa = PBXFileReference; explicitFileType = "compiled.mach-o.executable"; includeInIndex = 0; path = Algorithm; sourceTree = BUILT_PRODUCTS_DIR; };
		CBEA5E8323B0F8BB00F01AF8 /* main.cpp */ = {isa = PBXFileReference; lastKnownFileType = sourcecode.cpp.cpp; path = main.cpp; sourceTree = "<group>"; };
		CBEA5E8C23B0F8F200F01AF8 /* SWEA_3074.cpp */ = {isa = PBXFileReference; lastKnownFileType = sourcecode.cpp.cpp; path = SWEA_3074.cpp; sourceTree = "<group>"; };
		CBEA5E8F23B2079900F01AF8 /* SWEA_1824.cpp */ = {isa = PBXFileReference; lastKnownFileType = sourcecode.cpp.cpp; path = SWEA_1824.cpp; sourceTree = "<group>"; };
		CBEA5E9523B49D1200F01AF8 /* SWEA_1486.cpp */ = {isa = PBXFileReference; lastKnownFileType = sourcecode.cpp.cpp; path = SWEA_1486.cpp; sourceTree = "<group>"; };
		CBEA5E9B23B4C21E00F01AF8 /* Main */ = {isa = PBXFileReference; explicitFileType = "compiled.mach-o.executable"; includeInIndex = 0; path = Main; sourceTree = BUILT_PRODUCTS_DIR; };
		CBEA5EA323B4CF0700F01AF8 /* SWEA_1767.cpp */ = {isa = PBXFileReference; lastKnownFileType = sourcecode.cpp.cpp; path = SWEA_1767.cpp; sourceTree = "<group>"; };
		CBEA5EA623B4D82C00F01AF8 /* SWEA_1204.cpp */ = {isa = PBXFileReference; lastKnownFileType = sourcecode.cpp.cpp; path = SWEA_1204.cpp; sourceTree = "<group>"; };
		CBEA5EA923B4DCF100F01AF8 /* BOJ_13460.cpp */ = {isa = PBXFileReference; lastKnownFileType = sourcecode.cpp.cpp; path = BOJ_13460.cpp; sourceTree = "<group>"; };
		CBFB7EE32416164E00873981 /* SWEA_4796.cpp */ = {isa = PBXFileReference; lastKnownFileType = sourcecode.cpp.cpp; path = SWEA_4796.cpp; sourceTree = "<group>"; };
		CBFB7EE52417703A00873981 /* BOJ_14500_RE.cpp */ = {isa = PBXFileReference; lastKnownFileType = sourcecode.cpp.cpp; path = BOJ_14500_RE.cpp; sourceTree = "<group>"; };
/* End PBXFileReference section */

/* Begin PBXFrameworksBuildPhase section */
		CBEA5E7D23B0F8BB00F01AF8 /* Frameworks */ = {
			isa = PBXFrameworksBuildPhase;
			buildActionMask = 2147483647;
			files = (
			);
			runOnlyForDeploymentPostprocessing = 0;
		};
		CBEA5E9823B4C21E00F01AF8 /* Frameworks */ = {
			isa = PBXFrameworksBuildPhase;
			buildActionMask = 2147483647;
			files = (
			);
			runOnlyForDeploymentPostprocessing = 0;
		};
/* End PBXFrameworksBuildPhase section */

/* Begin PBXGroup section */
		CB7256DA243C4F5E00F862FD /* Graph */ = {
			isa = PBXGroup;
			children = (
				CB7256DB243C4FA800F862FD /* DijkstraAgorithm.cpp */,
			);
			path = Graph;
			sourceTree = "<group>";
		};
		CB7B5FFE243765E1007FE2DF /* KAKAO */ = {
			isa = PBXGroup;
			children = (
				CB7B5FFF24376616007FE2DF /* 01.cpp */,
				CB7B600124377A92007FE2DF /* 02.cpp */,
				CB7B600724389896007FE2DF /* 04.cpp */,
				CB7B600324383600007FE2DF /* 05.cpp */,
			);
			path = KAKAO;
			sourceTree = "<group>";
		};
		CB7B6019243995ED007FE2DF /* 2020상 */ = {
			isa = PBXGroup;
			children = (
				CB7B600B2439630C007FE2DF /* 01.cpp */,
				CB7B600D2439631C007FE2DF /* 02.cpp */,
				CB1AA9C32439E1D400CF1E86 /* 03_01.cpp */,
				CB1AA9C12439E1B900CF1E86 /* 03_02.cpp */,
				CB7B60112439632A007FE2DF /* 04.cpp */,
				CB7B601324396340007FE2DF /* 05.cpp */,
				CB7B601524396349007FE2DF /* 06.cpp */,
			);
			name = "2020상";
			path = "2020상";
			sourceTree = "<group>";
		};
		CB7B601A24399600007FE2DF /* 2019하 */ = {
			isa = PBXGroup;
			children = (
				CB9000E02434598000822BE8 /* 01.cpp */,
				CB9000E224345F4D00822BE8 /* 02.cpp */,
				CB9000E42434645900822BE8 /* 03.cpp */,
				CB9000E82434963500822BE8 /* 04.cpp */,
				CB9000E62434962D00822BE8 /* 05.cpp */,
				CB9000EA2434D95200822BE8 /* 06.cpp */,
			);
			name = "2019하";
			path = "2019하";
			sourceTree = "<group>";
		};
		CB9000DF2434597000822BE8 /* LINE */ = {
			isa = PBXGroup;
			children = (
				CB7B601A24399600007FE2DF /* 2019하 */,
				CB7B6019243995ED007FE2DF /* 2020상 */,
			);
			path = LINE;
			sourceTree = "<group>";
		};
		CBEA5E7723B0F8BB00F01AF8 = {
			isa = PBXGroup;
			children = (
				CBEA5E9C23B4C21E00F01AF8 /* Main */,
				CBEA5E8A23B0F8C100F01AF8 /* SWExpertAcademy */,
				CBEA5EA823B4D8E700F01AF8 /* BAEKJOON */,
				CB9000DF2434597000822BE8 /* LINE */,
				CB7B5FFE243765E1007FE2DF /* KAKAO */,
				CB7256DA243C4F5E00F862FD /* Graph */,
				CBEA5E8123B0F8BB00F01AF8 /* Products */,
			);
			sourceTree = "<group>";
		};
		CBEA5E8123B0F8BB00F01AF8 /* Products */ = {
			isa = PBXGroup;
			children = (
				CBEA5E8023B0F8BB00F01AF8 /* Algorithm */,
				CBEA5E9B23B4C21E00F01AF8 /* Main */,
			);
			name = Products;
			sourceTree = "<group>";
		};
		CBEA5E8A23B0F8C100F01AF8 /* SWExpertAcademy */ = {
			isa = PBXGroup;
			children = (
				CBEA5E8C23B0F8F200F01AF8 /* SWEA_3074.cpp */,
				CBEA5EA623B4D82C00F01AF8 /* SWEA_1204.cpp */,
				CBEA5E8F23B2079900F01AF8 /* SWEA_1824.cpp */,
				CBEA5E9523B49D1200F01AF8 /* SWEA_1486.cpp */,
				CBEA5EA323B4CF0700F01AF8 /* SWEA_1767.cpp */,
				CB19DC2523C0838000ED66FA /* SWEA_2477.cpp */,
				CBE1CE2D23C4B557009B5EBB /* SWEA_4012.cpp */,
				CB01664623C58D1F0097F6F6 /* SWEA_5644.cpp */,
				CB01664823C626000097F6F6 /* SWEA_5658.cpp */,
				CB5A128323DB353E003B8FB0 /* SWEA_2383.cpp */,
				CB3D68F223DC3FBC0000AA4D /* SWEA_2382_1.cpp */,
				CB3D68F423DC41040000AA4D /* SWEA_2382_2.cpp */,
				CB3D68F623DC60270000AA4D /* SWEA_2117.cpp */,
				CBCC372023DD8C7D00681D02 /* SWEA_2115.cpp */,
				CB0E8EF023DFF30D0036589D /* SWEA_2105.cpp */,
				CB5C0E1723E16BE300134C1A /* SWEA_2112.cpp */,
				CB5C0E1923E1993100134C1A /* SWEA_1953.cpp */,
				CB5C0E1B23E296B700134C1A /* SWEA_1949.cpp */,
				CB5C0E1E23E2A90300134C1A /* SWEA_1952.cpp */,
				CBA0296223F95D2A00C467F9 /* SWEA_5653.cpp */,
				CBA0296423FA996E00C467F9 /* SWEA_5656.cpp */,
				CBA0296623FBCE1100C467F9 /* SWEA_5650.cpp */,
				CB37D25423FCE0750093CDE6 /* SWEA_4014.cpp */,
				CB37D25623FE53110093CDE6 /* SWEA_4008.cpp */,
				CB37D25823FFB3EB0093CDE6 /* SWEA_5648.cpp */,
				CB5CA78C2411237700FB8AA3 /* SWEA_3074_RE.cpp */,
				CBFB7EE32416164E00873981 /* SWEA_4796.cpp */,
			);
			path = SWExpertAcademy;
			sourceTree = "<group>";
		};
		CBEA5E9C23B4C21E00F01AF8 /* Main */ = {
			isa = PBXGroup;
			children = (
				CBEA5E8323B0F8BB00F01AF8 /* main.cpp */,
			);
			path = Main;
			sourceTree = "<group>";
		};
		CBEA5EA823B4D8E700F01AF8 /* BAEKJOON */ = {
			isa = PBXGroup;
			children = (
				CBEA5EA923B4DCF100F01AF8 /* BOJ_13460.cpp */,
				CBB77AF923B6284900627736 /* BOJ_12100_1.cpp */,
				CBB77AFD23B62E3300627736 /* BOJ_12100_2.cpp */,
				CBB77B0523B778EA00627736 /* BOJ_3190.cpp */,
				CBB77B0723B77B3A00627736 /* BOJ_13458.cpp */,
				CB6005D523B8EA5300D59FE6 /* BOJ_14499.cpp */,
				CB6005D723B9DAF200D59FE6 /* BOJ_14500.cpp */,
				CB6005D923B9FF6E00D59FE6 /* BOJ_14501.cpp */,
				CB78422023BB6C9C00393474 /* BOJ_17144.cpp */,
				CB78422223BBD83D00393474 /* BOJ_17143.cpp */,
				CB78422423BCC76B00393474 /* BOJ_14502.cpp */,
				CB78422623BCF67000393474 /* BOJ_14503.cpp */,
				CB78422823BDF9CA00393474 /* BOJ_15683.cpp */,
				CB78422A23BE46B600393474 /* BOJ_15684.cpp */,
				CB01664A23C8A25D0097F6F6 /* BOJ_15685.cpp */,
				CB01665023CC4A310097F6F6 /* BOJ_15686.cpp */,
				CB0B177123CDF2A4006AF1BB /* BOJ_16234.cpp */,
				CB2F803023D45EF7009ADC71 /* BOJ_16236.cpp */,
				CB2D404623D544C800A67509 /* BOJ_5373.cpp */,
				CB2D404A23D599A300A67509 /* BOJ_17472.cpp */,
				CB6E603823D981C600357DC5 /* BOJ_17142.cpp */,
				CB3278AE23E41E87002233B4 /* BOJ_17779.cpp */,
				CB64D20123E576E4006A6BFA /* BOJ_17136.cpp */,
				CBE5721223E5A70A00794A01 /* BOJ_17471.cpp */,
				CB2DFA4323E6BF0100358206 /* BOJ_17070.cpp */,
				CB2DFA4523E6F27200358206 /* BOJ_16637.cpp */,
				CB2AD63823E7F82300F66323 /* BOJ_17837.cpp */,
				CB2CA9DA23E9462300C0C829 /* BOJ_17822_BF.cpp */,
				CB2CA9DC23E9463700C0C829 /* BOJ_17822_BFS.cpp */,
				CB4149F123ED473B007A5CA1 /* BOJ_17140.cpp */,
				CB4149F323F0171A007A5CA1 /* BOJ_15644.cpp */,
				CB4149F523F03D71007A5CA1 /* BOJ_17143_RE.cpp */,
				CB431ACA23F1233200EDB896 /* BOJ_12100.cpp */,
				CB431ACE23F2828400EDB896 /* BOJ_17135_BFS.cpp */,
				CB431ACC23F2651700EDB896 /* BOJ_17135_DP.cpp */,
				CB3084E223F392B3009116CD /* BOJ_14499_RE.cpp */,
				CB29820423F51333008DEA25 /* BOJ_17406.cpp */,
				CB50BDFC23F65BE5000FE486 /* BOJ_17281.cpp */,
				CB2E63CA23F83530006B02BC /* BOJ_2933.cpp */,
				CB9CFD252403B065007763DB /* BOJ_3190_RE.cpp */,
				CB2BCD9D2404E692006307C3 /* BOJ_16236_RE.cpp */,
				CB2A9A5E240645A400D75FE3 /* BOJ_16235.cpp */,
				CB636D4724095C5F00A7349F /* BOJ_13460_RE.cpp */,
				CBAE5E7D240D015500F723DD /* BOJ_15683_RE.cpp */,
				CBAE5E7F240E067700F723DD /* BOJ_14503_RE.cpp */,
				CBAE5E81240E3A8600F723DD /* BOJ_15684_RE.cpp */,
				CBC29859240FB2EA0073C7DA /* BOJ_17838_RE.cpp */,
				CBFB7EE52417703A00873981 /* BOJ_14500_RE.cpp */,
				CB57E6CB241A758F00C45826 /* BOJ_17822_RE.cpp */,
				CBAE4A8A241BD68500ADBDAA /* BOJ_17143_RE_RE.cpp */,
				CB9559BE241E494400CF78AF /* BOJ_1753.cpp */,
				CBB85460242E23AB003DDC80 /* BOJ_3980.cpp */,
				CB7E8BA4242F84BB00FACF2D /* BOJ_12817.cpp */,
				CBD485A22430C4B100F74820 /* BOJ_1005.cpp */,
				CBA79FBD243603320086DCFC /* BOJ_10026.cpp */,
				CBA79FC3243629B60086DCFC /* BOJ_1826.cpp */,
				CB7B5FFA24372EB7007FE2DF /* BOJ_7344.cpp */,
				CB7B5FFC24374B35007FE2DF /* BOJ_2379.cpp */,
				CB7B601724396458007FE2DF /* BOJ_17619.cpp */,
				CB870C57243B737500F48C94 /* BOJ_1017.cpp */,
				CB870C59243B832100F48C94 /* BOJ_1405.cpp */,
				CB7256DD243C838200F862FD /* BOJ_5719.cpp */,
				CB1852B8243F68F800B3A346 /* BOJ_1261.cpp */,
				CBCBF49C2448535000061A7A /* BOJ_2206.cpp */,
				CBCBF49E2449A66B00061A7A /* BOJ_1018.cpp */,
				CBCBF4A02449BA0900061A7A /* BOJ_1021.cpp */,
				CBCBF4A22449C52C00061A7A /* BOJ_1966.cpp */,
				CBCBF4A42449DC6A00061A7A /* BOJ_1614.cpp */,
				CB9CB74C244AC6A200594BDF /* BOJ_1463.cpp */,
				CB9CB74E244AD10C00594BDF /* BOJ_2579.cpp */,
				CB9CB750244ADC0900594BDF /* BOJ_2579_2.cpp */,
				CB9CB752244AE34700594BDF /* BOJ_1149.cpp */,
				CB2A566D244C242900D9D96D /* BOJ_11726.cpp */,
				CB2A566F244C3E2800D9D96D /* BOJ_1912_1.cpp */,
			);
			path = BAEKJOON;
			sourceTree = "<group>";
		};
/* End PBXGroup section */

/* Begin PBXNativeTarget section */
		CBEA5E7F23B0F8BB00F01AF8 /* Algorithm */ = {
			isa = PBXNativeTarget;
			buildConfigurationList = CBEA5E8723B0F8BB00F01AF8 /* Build configuration list for PBXNativeTarget "Algorithm" */;
			buildPhases = (
				CBEA5E7C23B0F8BB00F01AF8 /* Sources */,
				CBEA5E7D23B0F8BB00F01AF8 /* Frameworks */,
				CBEA5E7E23B0F8BB00F01AF8 /* CopyFiles */,
			);
			buildRules = (
			);
			dependencies = (
			);
			name = Algorithm;
			productName = Algorithm;
			productReference = CBEA5E8023B0F8BB00F01AF8 /* Algorithm */;
			productType = "com.apple.product-type.tool";
		};
		CBEA5E9A23B4C21E00F01AF8 /* Main */ = {
			isa = PBXNativeTarget;
			buildConfigurationList = CBEA5E9F23B4C21E00F01AF8 /* Build configuration list for PBXNativeTarget "Main" */;
			buildPhases = (
				CBEA5E9723B4C21E00F01AF8 /* Sources */,
				CBEA5E9823B4C21E00F01AF8 /* Frameworks */,
				CBEA5E9923B4C21E00F01AF8 /* CopyFiles */,
			);
			buildRules = (
			);
			dependencies = (
			);
			name = Main;
			productName = Main;
			productReference = CBEA5E9B23B4C21E00F01AF8 /* Main */;
			productType = "com.apple.product-type.tool";
		};
/* End PBXNativeTarget section */

/* Begin PBXProject section */
		CBEA5E7823B0F8BB00F01AF8 /* Project object */ = {
			isa = PBXProject;
			attributes = {
				LastUpgradeCheck = 1020;
				ORGANIZATIONNAME = "박세은";
				TargetAttributes = {
					CBEA5E7F23B0F8BB00F01AF8 = {
						CreatedOnToolsVersion = 10.2.1;
					};
					CBEA5E9A23B4C21E00F01AF8 = {
						CreatedOnToolsVersion = 10.2.1;
					};
				};
			};
			buildConfigurationList = CBEA5E7B23B0F8BB00F01AF8 /* Build configuration list for PBXProject "Algorithm" */;
			compatibilityVersion = "Xcode 9.3";
			developmentRegion = en;
			hasScannedForEncodings = 0;
			knownRegions = (
				en,
			);
			mainGroup = CBEA5E7723B0F8BB00F01AF8;
			productRefGroup = CBEA5E8123B0F8BB00F01AF8 /* Products */;
			projectDirPath = "";
			projectRoot = "";
			targets = (
				CBEA5E7F23B0F8BB00F01AF8 /* Algorithm */,
				CBEA5E9A23B4C21E00F01AF8 /* Main */,
			);
		};
/* End PBXProject section */

/* Begin PBXSourcesBuildPhase section */
		CBEA5E7C23B0F8BB00F01AF8 /* Sources */ = {
			isa = PBXSourcesBuildPhase;
			buildActionMask = 2147483647;
			files = (
				CB4149F423F0171A007A5CA1 /* BOJ_15644.cpp in Sources */,
				CB0B177223CDF2A4006AF1BB /* BOJ_16234.cpp in Sources */,
				CB7B600224377A92007FE2DF /* 02.cpp in Sources */,
				CB2A9A5F240645A400D75FE3 /* BOJ_16235.cpp in Sources */,
				CB7B601624396349007FE2DF /* 06.cpp in Sources */,
				CB29820523F51333008DEA25 /* BOJ_17406.cpp in Sources */,
				CB37D25723FE53110093CDE6 /* SWEA_4008.cpp in Sources */,
				CB9CB74D244AC6A200594BDF /* BOJ_1463.cpp in Sources */,
				CB9000E92434963500822BE8 /* 04.cpp in Sources */,
				CBAE4A8B241BD68500ADBDAA /* BOJ_17143_RE_RE.cpp in Sources */,
				CB57E6CC241A758F00C45826 /* BOJ_17822_RE.cpp in Sources */,
				CB7256DE243C838200F862FD /* BOJ_5719.cpp in Sources */,
				CB0E8EF123DFF30D0036589D /* SWEA_2105.cpp in Sources */,
				CBE1CE2E23C4B557009B5EBB /* SWEA_4012.cpp in Sources */,
				CBEA5EAA23B4DCF100F01AF8 /* BOJ_13460.cpp in Sources */,
				CBAE5E7E240D015500F723DD /* BOJ_15683_RE.cpp in Sources */,
				CBA79FC4243629B60086DCFC /* BOJ_1826.cpp in Sources */,
				CBEA5EA723B4D82C00F01AF8 /* SWEA_1204.cpp in Sources */,
				CBCBF49D2448535000061A7A /* BOJ_2206.cpp in Sources */,
				CB4149F623F03D71007A5CA1 /* BOJ_17143_RE.cpp in Sources */,
				CBEA5E9623B49D1200F01AF8 /* SWEA_1486.cpp in Sources */,
				CB78422B23BE46B600393474 /* BOJ_15684.cpp in Sources */,
				CB9000EB2434D95200822BE8 /* 06.cpp in Sources */,
				CBA79FBE243603320086DCFC /* BOJ_10026.cpp in Sources */,
				CB2E63CB23F83530006B02BC /* BOJ_2933.cpp in Sources */,
				CBD485A32430C4B100F74820 /* BOJ_1005.cpp in Sources */,
				CBAE5E80240E067700F723DD /* BOJ_14503_RE.cpp in Sources */,
				CB39A4F823D7D6AE00ABE97F /* BOJ_17472.cpp in Sources */,
				CB7B600C2439630C007FE2DF /* 01.cpp in Sources */,
				CBFB7EE62417703A00873981 /* BOJ_14500_RE.cpp in Sources */,
				CB431ACD23F2651700EDB896 /* BOJ_17135_DP.cpp in Sources */,
				CB2DFA4623E6F27200358206 /* BOJ_16637.cpp in Sources */,
				CB4149F223ED473B007A5CA1 /* BOJ_17140.cpp in Sources */,
				CB3278AF23E41E87002233B4 /* BOJ_17779.cpp in Sources */,
				CBC2985A240FB2EA0073C7DA /* BOJ_17838_RE.cpp in Sources */,
				CB7B600924389EE0007FE2DF /* 04.cpp in Sources */,
				CB2CA9DD23E9463700C0C829 /* BOJ_17822_BFS.cpp in Sources */,
				CB78422923BDF9CA00393474 /* BOJ_15683.cpp in Sources */,
				CB3D68F723DC60270000AA4D /* SWEA_2117.cpp in Sources */,
				CB1AA9C42439E1D400CF1E86 /* 03_01.cpp in Sources */,
				CB431ACF23F2828400EDB896 /* BOJ_17135_BFS.cpp in Sources */,
				CB9CB751244ADC0900594BDF /* BOJ_2579_2.cpp in Sources */,
				CB5C0E1D23E296B700134C1A /* SWEA_1949.cpp in Sources */,
				CB2A566E244C242900D9D96D /* BOJ_11726.cpp in Sources */,
				CB9CB753244AE34700594BDF /* BOJ_1149.cpp in Sources */,
				CB5C0E1823E16BE300134C1A /* SWEA_2112.cpp in Sources */,
				CB01665223CC4A310097F6F6 /* BOJ_15686.cpp in Sources */,
				CBA0296723FBCE1100C467F9 /* SWEA_5650.cpp in Sources */,
				CB9CB74F244AD10C00594BDF /* BOJ_2579.cpp in Sources */,
				CB6005D623B8EA5300D59FE6 /* BOJ_14499.cpp in Sources */,
				CB7B5FFD24374B35007FE2DF /* BOJ_2379.cpp in Sources */,
				CBA0296323F95D2A00C467F9 /* SWEA_5653.cpp in Sources */,
				CB9CFD262403B065007763DB /* BOJ_3190_RE.cpp in Sources */,
				CB5C0E1F23E2A90300134C1A /* SWEA_1952.cpp in Sources */,
				CB2A5670244C3E2800D9D96D /* BOJ_1912_1.cpp in Sources */,
				CB2D404723D544C800A67509 /* BOJ_5373.cpp in Sources */,
				CB636D4824095C5F00A7349F /* BOJ_13460_RE.cpp in Sources */,
				CB9000E324345F4D00822BE8 /* 02.cpp in Sources */,
				CB7256DC243C4FA800F862FD /* DijkstraAgorithm.cpp in Sources */,
				CB37D25523FCE0750093CDE6 /* SWEA_4014.cpp in Sources */,
				CB78422523BCC76B00393474 /* BOJ_14502.cpp in Sources */,
				CB7B60122439632A007FE2DF /* 04.cpp in Sources */,
				CB5A128423DB353E003B8FB0 /* SWEA_2383.cpp in Sources */,
				CBCBF4A52449DC6A00061A7A /* BOJ_1614.cpp in Sources */,
				CB7B600E2439631C007FE2DF /* 02.cpp in Sources */,
				CB870C5A243B832100F48C94 /* BOJ_1405.cpp in Sources */,
				CB3D68F523DC41040000AA4D /* SWEA_2382_2.cpp in Sources */,
				CB01664923C626000097F6F6 /* SWEA_5658.cpp in Sources */,
				CBCBF4A32449C52C00061A7A /* BOJ_1966.cpp in Sources */,
				CB9000E72434962D00822BE8 /* 05.cpp in Sources */,
				CB01664B23C8A25D0097F6F6 /* BOJ_15685.cpp in Sources */,
				CB9000E52434645900822BE8 /* 03.cpp in Sources */,
				CB5C0E1A23E1993100134C1A /* SWEA_1953.cpp in Sources */,
				CB7B601424396340007FE2DF /* 05.cpp in Sources */,
				CB7B601824396458007FE2DF /* BOJ_17619.cpp in Sources */,
				CB37D25923FFB3EB0093CDE6 /* SWEA_5648.cpp in Sources */,
				CB431ACB23F1233200EDB896 /* BOJ_12100.cpp in Sources */,
				CB2BCD9E2404E692006307C3 /* BOJ_16236_RE.cpp in Sources */,
				CB2AD63923E7F82300F66323 /* BOJ_17837.cpp in Sources */,
				CB9559BF241E494400CF78AF /* BOJ_1753.cpp in Sources */,
				CBB77B0823B77B3A00627736 /* BOJ_13458.cpp in Sources */,
				CB9000E12434598000822BE8 /* 01.cpp in Sources */,
				CBE5721323E5A70A00794A01 /* BOJ_17471.cpp in Sources */,
				CBB85461242E23AB003DDC80 /* BOJ_3980.cpp in Sources */,
				CB78422123BB6C9C00393474 /* BOJ_17144.cpp in Sources */,
				CB01664723C58D1F0097F6F6 /* SWEA_5644.cpp in Sources */,
				CB7B600424383600007FE2DF /* 05.cpp in Sources */,
				CB64D20223E576E4006A6BFA /* BOJ_17136.cpp in Sources */,
				CB2CA9DB23E9462300C0C829 /* BOJ_17822_BF.cpp in Sources */,
				CB19DC2623C0838000ED66FA /* SWEA_2477.cpp in Sources */,
				CBEA5E8E23B0F8F200F01AF8 /* SWEA_3074.cpp in Sources */,
				CB6005D823B9DAF200D59FE6 /* BOJ_14500.cpp in Sources */,
				CB870C58243B737500F48C94 /* BOJ_1017.cpp in Sources */,
				CBCBF49F2449A66B00061A7A /* BOJ_1018.cpp in Sources */,
				CBFB7EE42416164E00873981 /* SWEA_4796.cpp in Sources */,
				CB6005DA23B9FF6E00D59FE6 /* BOJ_14501.cpp in Sources */,
				CBEA5EA423B4CF0700F01AF8 /* SWEA_1767.cpp in Sources */,
				CBB77AFA23B6284900627736 /* BOJ_12100_1.cpp in Sources */,
				CB3084E323F392B3009116CD /* BOJ_14499_RE.cpp in Sources */,
				CB6E603923D981C600357DC5 /* BOJ_17142.cpp in Sources */,
				CB50BDFD23F65BE5000FE486 /* BOJ_17281.cpp in Sources */,
				CBAE5E82240E3A8600F723DD /* BOJ_15684_RE.cpp in Sources */,
				CB78422323BBD83D00393474 /* BOJ_17143.cpp in Sources */,
				CBEA5E9123B2079900F01AF8 /* SWEA_1824.cpp in Sources */,
				CB2F803123D45EF7009ADC71 /* BOJ_16236.cpp in Sources */,
				CB3D68F323DC3FBC0000AA4D /* SWEA_2382_1.cpp in Sources */,
				CB2DFA4423E6BF0100358206 /* BOJ_17070.cpp in Sources */,
				CB1852B9243F68F800B3A346 /* BOJ_1261.cpp in Sources */,
				CB1AA9C22439E1B900CF1E86 /* 03_02.cpp in Sources */,
				CB78422723BCF67000393474 /* BOJ_14503.cpp in Sources */,
				CB7B600024376616007FE2DF /* 01.cpp in Sources */,
				CB7B5FFB24372EB7007FE2DF /* BOJ_7344.cpp in Sources */,
				CBB77AFF23B62E3500627736 /* BOJ_12100_2.cpp in Sources */,
				CB7E8BA5242F84BB00FACF2D /* BOJ_12817.cpp in Sources */,
				CB5CA78D2411237700FB8AA3 /* SWEA_3074_RE.cpp in Sources */,
				CBCC372123DD8C7D00681D02 /* SWEA_2115.cpp in Sources */,
				CBB77B0623B778EA00627736 /* BOJ_3190.cpp in Sources */,
				CBCBF4A12449BA0900061A7A /* BOJ_1021.cpp in Sources */,
				CBA0296523FA996E00C467F9 /* SWEA_5656.cpp in Sources */,
			);
			runOnlyForDeploymentPostprocessing = 0;
		};
		CBEA5E9723B4C21E00F01AF8 /* Sources */ = {
			isa = PBXSourcesBuildPhase;
			buildActionMask = 2147483647;
			files = (
				CBB77B0423B7787400627736 /* main.cpp in Sources */,
			);
			runOnlyForDeploymentPostprocessing = 0;
		};
/* End PBXSourcesBuildPhase section */

/* Begin XCBuildConfiguration section */
		CBEA5E8523B0F8BB00F01AF8 /* Debug */ = {
			isa = XCBuildConfiguration;
			buildSettings = {
				ALWAYS_SEARCH_USER_PATHS = NO;
				CLANG_ANALYZER_NONNULL = YES;
				CLANG_ANALYZER_NUMBER_OBJECT_CONVERSION = YES_AGGRESSIVE;
				CLANG_CXX_LANGUAGE_STANDARD = "gnu++14";
				CLANG_CXX_LIBRARY = "libc++";
				CLANG_ENABLE_MODULES = YES;
				CLANG_ENABLE_OBJC_ARC = YES;
				CLANG_ENABLE_OBJC_WEAK = YES;
				CLANG_WARN_BLOCK_CAPTURE_AUTORELEASING = YES;
				CLANG_WARN_BOOL_CONVERSION = YES;
				CLANG_WARN_COMMA = YES;
				CLANG_WARN_CONSTANT_CONVERSION = YES;
				CLANG_WARN_DEPRECATED_OBJC_IMPLEMENTATIONS = YES;
				CLANG_WARN_DIRECT_OBJC_ISA_USAGE = YES_ERROR;
				CLANG_WARN_DOCUMENTATION_COMMENTS = YES;
				CLANG_WARN_EMPTY_BODY = YES;
				CLANG_WARN_ENUM_CONVERSION = YES;
				CLANG_WARN_INFINITE_RECURSION = YES;
				CLANG_WARN_INT_CONVERSION = YES;
				CLANG_WARN_NON_LITERAL_NULL_CONVERSION = YES;
				CLANG_WARN_OBJC_IMPLICIT_RETAIN_SELF = YES;
				CLANG_WARN_OBJC_LITERAL_CONVERSION = YES;
				CLANG_WARN_OBJC_ROOT_CLASS = YES_ERROR;
				CLANG_WARN_RANGE_LOOP_ANALYSIS = YES;
				CLANG_WARN_STRICT_PROTOTYPES = YES;
				CLANG_WARN_SUSPICIOUS_MOVE = YES;
				CLANG_WARN_UNGUARDED_AVAILABILITY = YES_AGGRESSIVE;
				CLANG_WARN_UNREACHABLE_CODE = YES;
				CLANG_WARN__DUPLICATE_METHOD_MATCH = YES;
				CODE_SIGN_IDENTITY = "-";
				COPY_PHASE_STRIP = NO;
				DEBUG_INFORMATION_FORMAT = dwarf;
				ENABLE_STRICT_OBJC_MSGSEND = YES;
				ENABLE_TESTABILITY = YES;
				GCC_C_LANGUAGE_STANDARD = gnu11;
				GCC_DYNAMIC_NO_PIC = NO;
				GCC_NO_COMMON_BLOCKS = YES;
				GCC_OPTIMIZATION_LEVEL = 0;
				GCC_PREPROCESSOR_DEFINITIONS = (
					"DEBUG=1",
					"$(inherited)",
				);
				GCC_WARN_64_TO_32_BIT_CONVERSION = YES;
				GCC_WARN_ABOUT_RETURN_TYPE = YES_ERROR;
				GCC_WARN_UNDECLARED_SELECTOR = YES;
				GCC_WARN_UNINITIALIZED_AUTOS = YES_AGGRESSIVE;
				GCC_WARN_UNUSED_FUNCTION = YES;
				GCC_WARN_UNUSED_VARIABLE = YES;
				MACOSX_DEPLOYMENT_TARGET = 10.14;
				MTL_ENABLE_DEBUG_INFO = INCLUDE_SOURCE;
				MTL_FAST_MATH = YES;
				ONLY_ACTIVE_ARCH = YES;
				SDKROOT = macosx;
			};
			name = Debug;
		};
		CBEA5E8623B0F8BB00F01AF8 /* Release */ = {
			isa = XCBuildConfiguration;
			buildSettings = {
				ALWAYS_SEARCH_USER_PATHS = NO;
				CLANG_ANALYZER_NONNULL = YES;
				CLANG_ANALYZER_NUMBER_OBJECT_CONVERSION = YES_AGGRESSIVE;
				CLANG_CXX_LANGUAGE_STANDARD = "gnu++14";
				CLANG_CXX_LIBRARY = "libc++";
				CLANG_ENABLE_MODULES = YES;
				CLANG_ENABLE_OBJC_ARC = YES;
				CLANG_ENABLE_OBJC_WEAK = YES;
				CLANG_WARN_BLOCK_CAPTURE_AUTORELEASING = YES;
				CLANG_WARN_BOOL_CONVERSION = YES;
				CLANG_WARN_COMMA = YES;
				CLANG_WARN_CONSTANT_CONVERSION = YES;
				CLANG_WARN_DEPRECATED_OBJC_IMPLEMENTATIONS = YES;
				CLANG_WARN_DIRECT_OBJC_ISA_USAGE = YES_ERROR;
				CLANG_WARN_DOCUMENTATION_COMMENTS = YES;
				CLANG_WARN_EMPTY_BODY = YES;
				CLANG_WARN_ENUM_CONVERSION = YES;
				CLANG_WARN_INFINITE_RECURSION = YES;
				CLANG_WARN_INT_CONVERSION = YES;
				CLANG_WARN_NON_LITERAL_NULL_CONVERSION = YES;
				CLANG_WARN_OBJC_IMPLICIT_RETAIN_SELF = YES;
				CLANG_WARN_OBJC_LITERAL_CONVERSION = YES;
				CLANG_WARN_OBJC_ROOT_CLASS = YES_ERROR;
				CLANG_WARN_RANGE_LOOP_ANALYSIS = YES;
				CLANG_WARN_STRICT_PROTOTYPES = YES;
				CLANG_WARN_SUSPICIOUS_MOVE = YES;
				CLANG_WARN_UNGUARDED_AVAILABILITY = YES_AGGRESSIVE;
				CLANG_WARN_UNREACHABLE_CODE = YES;
				CLANG_WARN__DUPLICATE_METHOD_MATCH = YES;
				CODE_SIGN_IDENTITY = "-";
				COPY_PHASE_STRIP = NO;
				DEBUG_INFORMATION_FORMAT = "dwarf-with-dsym";
				ENABLE_NS_ASSERTIONS = NO;
				ENABLE_STRICT_OBJC_MSGSEND = YES;
				GCC_C_LANGUAGE_STANDARD = gnu11;
				GCC_NO_COMMON_BLOCKS = YES;
				GCC_WARN_64_TO_32_BIT_CONVERSION = YES;
				GCC_WARN_ABOUT_RETURN_TYPE = YES_ERROR;
				GCC_WARN_UNDECLARED_SELECTOR = YES;
				GCC_WARN_UNINITIALIZED_AUTOS = YES_AGGRESSIVE;
				GCC_WARN_UNUSED_FUNCTION = YES;
				GCC_WARN_UNUSED_VARIABLE = YES;
				MACOSX_DEPLOYMENT_TARGET = 10.14;
				MTL_ENABLE_DEBUG_INFO = NO;
				MTL_FAST_MATH = YES;
				SDKROOT = macosx;
			};
			name = Release;
		};
		CBEA5E8823B0F8BB00F01AF8 /* Debug */ = {
			isa = XCBuildConfiguration;
			buildSettings = {
				CODE_SIGN_STYLE = Automatic;
				PRODUCT_NAME = "$(TARGET_NAME)";
			};
			name = Debug;
		};
		CBEA5E8923B0F8BB00F01AF8 /* Release */ = {
			isa = XCBuildConfiguration;
			buildSettings = {
				CODE_SIGN_STYLE = Automatic;
				PRODUCT_NAME = "$(TARGET_NAME)";
			};
			name = Release;
		};
		CBEA5EA023B4C21E00F01AF8 /* Debug */ = {
			isa = XCBuildConfiguration;
			buildSettings = {
				CODE_SIGN_STYLE = Automatic;
				PRODUCT_NAME = "$(TARGET_NAME)";
			};
			name = Debug;
		};
		CBEA5EA123B4C21E00F01AF8 /* Release */ = {
			isa = XCBuildConfiguration;
			buildSettings = {
				CODE_SIGN_STYLE = Automatic;
				PRODUCT_NAME = "$(TARGET_NAME)";
			};
			name = Release;
		};
/* End XCBuildConfiguration section */

/* Begin XCConfigurationList section */
		CBEA5E7B23B0F8BB00F01AF8 /* Build configuration list for PBXProject "Algorithm" */ = {
			isa = XCConfigurationList;
			buildConfigurations = (
				CBEA5E8523B0F8BB00F01AF8 /* Debug */,
				CBEA5E8623B0F8BB00F01AF8 /* Release */,
			);
			defaultConfigurationIsVisible = 0;
			defaultConfigurationName = Release;
		};
		CBEA5E8723B0F8BB00F01AF8 /* Build configuration list for PBXNativeTarget "Algorithm" */ = {
			isa = XCConfigurationList;
			buildConfigurations = (
				CBEA5E8823B0F8BB00F01AF8 /* Debug */,
				CBEA5E8923B0F8BB00F01AF8 /* Release */,
			);
			defaultConfigurationIsVisible = 0;
			defaultConfigurationName = Release;
		};
		CBEA5E9F23B4C21E00F01AF8 /* Build configuration list for PBXNativeTarget "Main" */ = {
			isa = XCConfigurationList;
			buildConfigurations = (
				CBEA5EA023B4C21E00F01AF8 /* Debug */,
				CBEA5EA123B4C21E00F01AF8 /* Release */,
			);
			defaultConfigurationIsVisible = 0;
			defaultConfigurationName = Release;
		};
/* End XCConfigurationList section */
	};
	rootObject = CBEA5E7823B0F8BB00F01AF8 /* Project object */;
}
