// !$*UTF8*$!
{
	archiveVersion = 1;
	classes = {
	};
	objectVersion = 50;
	objects = {

/* Begin PBXBuildFile section */
		CB01664723C58D1F0097F6F6 /* SWEA_5644.cpp in Sources */ = {isa = PBXBuildFile; fileRef = CB01664623C58D1F0097F6F6 /* SWEA_5644.cpp */; };
		CB01664923C626000097F6F6 /* SWEA_5658.cpp in Sources */ = {isa = PBXBuildFile; fileRef = CB01664823C626000097F6F6 /* SWEA_5658.cpp */; };
		CB01664B23C8A25D0097F6F6 /* BOJ_15685.cpp in Sources */ = {isa = PBXBuildFile; fileRef = CB01664A23C8A25D0097F6F6 /* BOJ_15685.cpp */; };
		CB01665223CC4A310097F6F6 /* BOJ_15686.cpp in Sources */ = {isa = PBXBuildFile; fileRef = CB01665023CC4A310097F6F6 /* BOJ_15686.cpp */; };
		CB0B177223CDF2A4006AF1BB /* BOJ_16234.cpp in Sources */ = {isa = PBXBuildFile; fileRef = CB0B177123CDF2A4006AF1BB /* BOJ_16234.cpp */; };
		CB0E8EF123DFF30D0036589D /* SWEA_2105.cpp in Sources */ = {isa = PBXBuildFile; fileRef = CB0E8EF023DFF30D0036589D /* SWEA_2105.cpp */; };
		CB19DC2623C0838000ED66FA /* SWEA_2477.cpp in Sources */ = {isa = PBXBuildFile; fileRef = CB19DC2523C0838000ED66FA /* SWEA_2477.cpp */; };
		CB2D404723D544C800A67509 /* BOJ_5373.cpp in Sources */ = {isa = PBXBuildFile; fileRef = CB2D404623D544C800A67509 /* BOJ_5373.cpp */; };
		CB2DFA4423E6BF0100358206 /* BOJ_17070.cpp in Sources */ = {isa = PBXBuildFile; fileRef = CB2DFA4323E6BF0100358206 /* BOJ_17070.cpp */; };
		CB2DFA4623E6F27200358206 /* BOJ_16637.cpp in Sources */ = {isa = PBXBuildFile; fileRef = CB2DFA4523E6F27200358206 /* BOJ_16637.cpp */; };
		CB2F803123D45EF7009ADC71 /* BOJ_16236.cpp in Sources */ = {isa = PBXBuildFile; fileRef = CB2F803023D45EF7009ADC71 /* BOJ_16236.cpp */; };
		CB3278AF23E41E87002233B4 /* BOJ_17779.cpp in Sources */ = {isa = PBXBuildFile; fileRef = CB3278AE23E41E87002233B4 /* BOJ_17779.cpp */; };
		CB39A4F823D7D6AE00ABE97F /* BOJ_17472.cpp in Sources */ = {isa = PBXBuildFile; fileRef = CB2D404A23D599A300A67509 /* BOJ_17472.cpp */; };
		CB3D68F323DC3FBC0000AA4D /* SWEA_2382_1.cpp in Sources */ = {isa = PBXBuildFile; fileRef = CB3D68F223DC3FBC0000AA4D /* SWEA_2382_1.cpp */; };
		CB3D68F523DC41040000AA4D /* SWEA_2382_2.cpp in Sources */ = {isa = PBXBuildFile; fileRef = CB3D68F423DC41040000AA4D /* SWEA_2382_2.cpp */; };
		CB3D68F723DC60270000AA4D /* SWEA_2117.cpp in Sources */ = {isa = PBXBuildFile; fileRef = CB3D68F623DC60270000AA4D /* SWEA_2117.cpp */; };
		CB5A128423DB353E003B8FB0 /* SWEA_2383.cpp in Sources */ = {isa = PBXBuildFile; fileRef = CB5A128323DB353E003B8FB0 /* SWEA_2383.cpp */; };
		CB5C0E1823E16BE300134C1A /* SWEA_2112.cpp in Sources */ = {isa = PBXBuildFile; fileRef = CB5C0E1723E16BE300134C1A /* SWEA_2112.cpp */; };
		CB5C0E1A23E1993100134C1A /* SWEA_1953.cpp in Sources */ = {isa = PBXBuildFile; fileRef = CB5C0E1923E1993100134C1A /* SWEA_1953.cpp */; };
		CB5C0E1D23E296B700134C1A /* SWEA_1949.cpp in Sources */ = {isa = PBXBuildFile; fileRef = CB5C0E1B23E296B700134C1A /* SWEA_1949.cpp */; };
		CB5C0E1F23E2A90300134C1A /* SWEA_1952.cpp in Sources */ = {isa = PBXBuildFile; fileRef = CB5C0E1E23E2A90300134C1A /* SWEA_1952.cpp */; };
		CB6005D623B8EA5300D59FE6 /* BOJ_14499.cpp in Sources */ = {isa = PBXBuildFile; fileRef = CB6005D523B8EA5300D59FE6 /* BOJ_14499.cpp */; };
		CB6005D823B9DAF200D59FE6 /* BOJ_14500.cpp in Sources */ = {isa = PBXBuildFile; fileRef = CB6005D723B9DAF200D59FE6 /* BOJ_14500.cpp */; };
		CB6005DA23B9FF6E00D59FE6 /* BOJ_14501.cpp in Sources */ = {isa = PBXBuildFile; fileRef = CB6005D923B9FF6E00D59FE6 /* BOJ_14501.cpp */; };
		CB64D20223E576E4006A6BFA /* BOJ_17136.cpp in Sources */ = {isa = PBXBuildFile; fileRef = CB64D20123E576E4006A6BFA /* BOJ_17136.cpp */; };
		CB6E603923D981C600357DC5 /* BOJ_17142.cpp in Sources */ = {isa = PBXBuildFile; fileRef = CB6E603823D981C600357DC5 /* BOJ_17142.cpp */; };
		CB78422123BB6C9C00393474 /* BOJ_17144.cpp in Sources */ = {isa = PBXBuildFile; fileRef = CB78422023BB6C9C00393474 /* BOJ_17144.cpp */; };
		CB78422323BBD83D00393474 /* BOJ_17143.cpp in Sources */ = {isa = PBXBuildFile; fileRef = CB78422223BBD83D00393474 /* BOJ_17143.cpp */; };
		CB78422523BCC76B00393474 /* BOJ_14502.cpp in Sources */ = {isa = PBXBuildFile; fileRef = CB78422423BCC76B00393474 /* BOJ_14502.cpp */; };
		CB78422723BCF67000393474 /* BOJ_14503.cpp in Sources */ = {isa = PBXBuildFile; fileRef = CB78422623BCF67000393474 /* BOJ_14503.cpp */; };
		CB78422923BDF9CA00393474 /* BOJ_15683.cpp in Sources */ = {isa = PBXBuildFile; fileRef = CB78422823BDF9CA00393474 /* BOJ_15683.cpp */; };
		CB78422B23BE46B600393474 /* BOJ_15684.cpp in Sources */ = {isa = PBXBuildFile; fileRef = CB78422A23BE46B600393474 /* BOJ_15684.cpp */; };
		CBB77AFA23B6284900627736 /* BOJ_12100_1.cpp in Sources */ = {isa = PBXBuildFile; fileRef = CBB77AF923B6284900627736 /* BOJ_12100_1.cpp */; };
		CBB77AFF23B62E3500627736 /* BOJ_12100_2.cpp in Sources */ = {isa = PBXBuildFile; fileRef = CBB77AFD23B62E3300627736 /* BOJ_12100_2.cpp */; };
		CBB77B0423B7787400627736 /* main.cpp in Sources */ = {isa = PBXBuildFile; fileRef = CBEA5E8323B0F8BB00F01AF8 /* main.cpp */; };
		CBB77B0623B778EA00627736 /* BOJ_3190.cpp in Sources */ = {isa = PBXBuildFile; fileRef = CBB77B0523B778EA00627736 /* BOJ_3190.cpp */; };
		CBB77B0823B77B3A00627736 /* BOJ_13458.cpp in Sources */ = {isa = PBXBuildFile; fileRef = CBB77B0723B77B3A00627736 /* BOJ_13458.cpp */; };
		CBCC372123DD8C7D00681D02 /* SWEA_2115.cpp in Sources */ = {isa = PBXBuildFile; fileRef = CBCC372023DD8C7D00681D02 /* SWEA_2115.cpp */; };
		CBE1CE2E23C4B557009B5EBB /* SWEA_4012.cpp in Sources */ = {isa = PBXBuildFile; fileRef = CBE1CE2D23C4B557009B5EBB /* SWEA_4012.cpp */; };
		CBE5721323E5A70A00794A01 /* BOJ_17471.cpp in Sources */ = {isa = PBXBuildFile; fileRef = CBE5721223E5A70A00794A01 /* BOJ_17471.cpp */; };
		CBEA5E8E23B0F8F200F01AF8 /* SWEA_3074.cpp in Sources */ = {isa = PBXBuildFile; fileRef = CBEA5E8C23B0F8F200F01AF8 /* SWEA_3074.cpp */; };
		CBEA5E9123B2079900F01AF8 /* SWEA_1824.cpp in Sources */ = {isa = PBXBuildFile; fileRef = CBEA5E8F23B2079900F01AF8 /* SWEA_1824.cpp */; };
		CBEA5E9623B49D1200F01AF8 /* SWEA_1486.cpp in Sources */ = {isa = PBXBuildFile; fileRef = CBEA5E9523B49D1200F01AF8 /* SWEA_1486.cpp */; };
		CBEA5EA423B4CF0700F01AF8 /* SWEA_1767.cpp in Sources */ = {isa = PBXBuildFile; fileRef = CBEA5EA323B4CF0700F01AF8 /* SWEA_1767.cpp */; };
		CBEA5EA723B4D82C00F01AF8 /* SWEA_1204.cpp in Sources */ = {isa = PBXBuildFile; fileRef = CBEA5EA623B4D82C00F01AF8 /* SWEA_1204.cpp */; };
		CBEA5EAA23B4DCF100F01AF8 /* BOJ_13460.cpp in Sources */ = {isa = PBXBuildFile; fileRef = CBEA5EA923B4DCF100F01AF8 /* BOJ_13460.cpp */; };
/* End PBXBuildFile section */

/* Begin PBXCopyFilesBuildPhase section */
		CBEA5E7E23B0F8BB00F01AF8 /* CopyFiles */ = {
			isa = PBXCopyFilesBuildPhase;
			buildActionMask = 2147483647;
			dstPath = /usr/share/man/man1/;
			dstSubfolderSpec = 0;
			files = (
			);
			runOnlyForDeploymentPostprocessing = 1;
		};
		CBEA5E9923B4C21E00F01AF8 /* CopyFiles */ = {
			isa = PBXCopyFilesBuildPhase;
			buildActionMask = 2147483647;
			dstPath = /usr/share/man/man1/;
			dstSubfolderSpec = 0;
			files = (
			);
			runOnlyForDeploymentPostprocessing = 1;
		};
/* End PBXCopyFilesBuildPhase section */

/* Begin PBXFileReference section */
		CB01664623C58D1F0097F6F6 /* SWEA_5644.cpp */ = {isa = PBXFileReference; lastKnownFileType = sourcecode.cpp.cpp; path = SWEA_5644.cpp; sourceTree = "<group>"; };
		CB01664823C626000097F6F6 /* SWEA_5658.cpp */ = {isa = PBXFileReference; lastKnownFileType = sourcecode.cpp.cpp; path = SWEA_5658.cpp; sourceTree = "<group>"; };
		CB01664A23C8A25D0097F6F6 /* BOJ_15685.cpp */ = {isa = PBXFileReference; lastKnownFileType = sourcecode.cpp.cpp; path = BOJ_15685.cpp; sourceTree = "<group>"; };
		CB01665023CC4A310097F6F6 /* BOJ_15686.cpp */ = {isa = PBXFileReference; lastKnownFileType = sourcecode.cpp.cpp; path = BOJ_15686.cpp; sourceTree = "<group>"; };
		CB0B177123CDF2A4006AF1BB /* BOJ_16234.cpp */ = {isa = PBXFileReference; lastKnownFileType = sourcecode.cpp.cpp; path = BOJ_16234.cpp; sourceTree = "<group>"; };
		CB0E8EF023DFF30D0036589D /* SWEA_2105.cpp */ = {isa = PBXFileReference; lastKnownFileType = sourcecode.cpp.cpp; path = SWEA_2105.cpp; sourceTree = "<group>"; };
		CB19DC2523C0838000ED66FA /* SWEA_2477.cpp */ = {isa = PBXFileReference; lastKnownFileType = sourcecode.cpp.cpp; path = SWEA_2477.cpp; sourceTree = "<group>"; };
		CB2D404623D544C800A67509 /* BOJ_5373.cpp */ = {isa = PBXFileReference; lastKnownFileType = sourcecode.cpp.cpp; path = BOJ_5373.cpp; sourceTree = "<group>"; };
		CB2D404A23D599A300A67509 /* BOJ_17472.cpp */ = {isa = PBXFileReference; lastKnownFileType = sourcecode.cpp.cpp; path = BOJ_17472.cpp; sourceTree = "<group>"; };
		CB2DFA4323E6BF0100358206 /* BOJ_17070.cpp */ = {isa = PBXFileReference; lastKnownFileType = sourcecode.cpp.cpp; path = BOJ_17070.cpp; sourceTree = "<group>"; };
		CB2DFA4523E6F27200358206 /* BOJ_16637.cpp */ = {isa = PBXFileReference; lastKnownFileType = sourcecode.cpp.cpp; path = BOJ_16637.cpp; sourceTree = "<group>"; };
		CB2F803023D45EF7009ADC71 /* BOJ_16236.cpp */ = {isa = PBXFileReference; lastKnownFileType = sourcecode.cpp.cpp; path = BOJ_16236.cpp; sourceTree = "<group>"; };
		CB3278AE23E41E87002233B4 /* BOJ_17779.cpp */ = {isa = PBXFileReference; lastKnownFileType = sourcecode.cpp.cpp; path = BOJ_17779.cpp; sourceTree = "<group>"; };
		CB3D68F223DC3FBC0000AA4D /* SWEA_2382_1.cpp */ = {isa = PBXFileReference; lastKnownFileType = sourcecode.cpp.cpp; path = SWEA_2382_1.cpp; sourceTree = "<group>"; };
		CB3D68F423DC41040000AA4D /* SWEA_2382_2.cpp */ = {isa = PBXFileReference; lastKnownFileType = sourcecode.cpp.cpp; path = SWEA_2382_2.cpp; sourceTree = "<group>"; };
		CB3D68F623DC60270000AA4D /* SWEA_2117.cpp */ = {isa = PBXFileReference; lastKnownFileType = sourcecode.cpp.cpp; path = SWEA_2117.cpp; sourceTree = "<group>"; };
		CB5A128323DB353E003B8FB0 /* SWEA_2383.cpp */ = {isa = PBXFileReference; lastKnownFileType = sourcecode.cpp.cpp; path = SWEA_2383.cpp; sourceTree = "<group>"; };
		CB5C0E1723E16BE300134C1A /* SWEA_2112.cpp */ = {isa = PBXFileReference; lastKnownFileType = sourcecode.cpp.cpp; path = SWEA_2112.cpp; sourceTree = "<group>"; };
		CB5C0E1923E1993100134C1A /* SWEA_1953.cpp */ = {isa = PBXFileReference; lastKnownFileType = sourcecode.cpp.cpp; path = SWEA_1953.cpp; sourceTree = "<group>"; };
		CB5C0E1B23E296B700134C1A /* SWEA_1949.cpp */ = {isa = PBXFileReference; lastKnownFileType = sourcecode.cpp.cpp; path = SWEA_1949.cpp; sourceTree = "<group>"; };
		CB5C0E1E23E2A90300134C1A /* SWEA_1952.cpp */ = {isa = PBXFileReference; lastKnownFileType = sourcecode.cpp.cpp; path = SWEA_1952.cpp; sourceTree = "<group>"; };
		CB6005D523B8EA5300D59FE6 /* BOJ_14499.cpp */ = {isa = PBXFileReference; lastKnownFileType = sourcecode.cpp.cpp; path = BOJ_14499.cpp; sourceTree = "<group>"; };
		CB6005D723B9DAF200D59FE6 /* BOJ_14500.cpp */ = {isa = PBXFileReference; lastKnownFileType = sourcecode.cpp.cpp; path = BOJ_14500.cpp; sourceTree = "<group>"; };
		CB6005D923B9FF6E00D59FE6 /* BOJ_14501.cpp */ = {isa = PBXFileReference; lastKnownFileType = sourcecode.cpp.cpp; path = BOJ_14501.cpp; sourceTree = "<group>"; };
		CB64D20123E576E4006A6BFA /* BOJ_17136.cpp */ = {isa = PBXFileReference; lastKnownFileType = sourcecode.cpp.cpp; path = BOJ_17136.cpp; sourceTree = "<group>"; };
		CB6E603823D981C600357DC5 /* BOJ_17142.cpp */ = {isa = PBXFileReference; lastKnownFileType = sourcecode.cpp.cpp; path = BOJ_17142.cpp; sourceTree = "<group>"; };
		CB78422023BB6C9C00393474 /* BOJ_17144.cpp */ = {isa = PBXFileReference; lastKnownFileType = sourcecode.cpp.cpp; path = BOJ_17144.cpp; sourceTree = "<group>"; };
		CB78422223BBD83D00393474 /* BOJ_17143.cpp */ = {isa = PBXFileReference; lastKnownFileType = sourcecode.cpp.cpp; path = BOJ_17143.cpp; sourceTree = "<group>"; };
		CB78422423BCC76B00393474 /* BOJ_14502.cpp */ = {isa = PBXFileReference; lastKnownFileType = sourcecode.cpp.cpp; path = BOJ_14502.cpp; sourceTree = "<group>"; };
		CB78422623BCF67000393474 /* BOJ_14503.cpp */ = {isa = PBXFileReference; lastKnownFileType = sourcecode.cpp.cpp; path = BOJ_14503.cpp; sourceTree = "<group>"; };
		CB78422823BDF9CA00393474 /* BOJ_15683.cpp */ = {isa = PBXFileReference; lastKnownFileType = sourcecode.cpp.cpp; path = BOJ_15683.cpp; sourceTree = "<group>"; };
		CB78422A23BE46B600393474 /* BOJ_15684.cpp */ = {isa = PBXFileReference; lastKnownFileType = sourcecode.cpp.cpp; path = BOJ_15684.cpp; sourceTree = "<group>"; };
		CBB77AF923B6284900627736 /* BOJ_12100_1.cpp */ = {isa = PBXFileReference; lastKnownFileType = sourcecode.cpp.cpp; path = BOJ_12100_1.cpp; sourceTree = "<group>"; };
		CBB77AFD23B62E3300627736 /* BOJ_12100_2.cpp */ = {isa = PBXFileReference; lastKnownFileType = sourcecode.cpp.cpp; path = BOJ_12100_2.cpp; sourceTree = "<group>"; };
		CBB77B0523B778EA00627736 /* BOJ_3190.cpp */ = {isa = PBXFileReference; lastKnownFileType = sourcecode.cpp.cpp; path = BOJ_3190.cpp; sourceTree = "<group>"; };
		CBB77B0723B77B3A00627736 /* BOJ_13458.cpp */ = {isa = PBXFileReference; lastKnownFileType = sourcecode.cpp.cpp; path = BOJ_13458.cpp; sourceTree = "<group>"; };
		CBCC372023DD8C7D00681D02 /* SWEA_2115.cpp */ = {isa = PBXFileReference; lastKnownFileType = sourcecode.cpp.cpp; path = SWEA_2115.cpp; sourceTree = "<group>"; };
		CBE1CE2D23C4B557009B5EBB /* SWEA_4012.cpp */ = {isa = PBXFileReference; lastKnownFileType = sourcecode.cpp.cpp; path = SWEA_4012.cpp; sourceTree = "<group>"; };
		CBE5721223E5A70A00794A01 /* BOJ_17471.cpp */ = {isa = PBXFileReference; lastKnownFileType = sourcecode.cpp.cpp; path = BOJ_17471.cpp; sourceTree = "<group>"; };
		CBEA5E8023B0F8BB00F01AF8 /* Algorithm */ = {isa = PBXFileReference; explicitFileType = "compiled.mach-o.executable"; includeInIndex = 0; path = Algorithm; sourceTree = BUILT_PRODUCTS_DIR; };
		CBEA5E8323B0F8BB00F01AF8 /* main.cpp */ = {isa = PBXFileReference; lastKnownFileType = sourcecode.cpp.cpp; path = main.cpp; sourceTree = "<group>"; };
		CBEA5E8C23B0F8F200F01AF8 /* SWEA_3074.cpp */ = {isa = PBXFileReference; lastKnownFileType = sourcecode.cpp.cpp; path = SWEA_3074.cpp; sourceTree = "<group>"; };
		CBEA5E8F23B2079900F01AF8 /* SWEA_1824.cpp */ = {isa = PBXFileReference; lastKnownFileType = sourcecode.cpp.cpp; path = SWEA_1824.cpp; sourceTree = "<group>"; };
		CBEA5E9523B49D1200F01AF8 /* SWEA_1486.cpp */ = {isa = PBXFileReference; lastKnownFileType = sourcecode.cpp.cpp; path = SWEA_1486.cpp; sourceTree = "<group>"; };
		CBEA5E9B23B4C21E00F01AF8 /* Main */ = {isa = PBXFileReference; explicitFileType = "compiled.mach-o.executable"; includeInIndex = 0; path = Main; sourceTree = BUILT_PRODUCTS_DIR; };
		CBEA5EA323B4CF0700F01AF8 /* SWEA_1767.cpp */ = {isa = PBXFileReference; lastKnownFileType = sourcecode.cpp.cpp; path = SWEA_1767.cpp; sourceTree = "<group>"; };
		CBEA5EA623B4D82C00F01AF8 /* SWEA_1204.cpp */ = {isa = PBXFileReference; lastKnownFileType = sourcecode.cpp.cpp; path = SWEA_1204.cpp; sourceTree = "<group>"; };
		CBEA5EA923B4DCF100F01AF8 /* BOJ_13460.cpp */ = {isa = PBXFileReference; lastKnownFileType = sourcecode.cpp.cpp; path = BOJ_13460.cpp; sourceTree = "<group>"; };
/* End PBXFileReference section */

/* Begin PBXFrameworksBuildPhase section */
		CBEA5E7D23B0F8BB00F01AF8 /* Frameworks */ = {
			isa = PBXFrameworksBuildPhase;
			buildActionMask = 2147483647;
			files = (
			);
			runOnlyForDeploymentPostprocessing = 0;
		};
		CBEA5E9823B4C21E00F01AF8 /* Frameworks */ = {
			isa = PBXFrameworksBuildPhase;
			buildActionMask = 2147483647;
			files = (
			);
			runOnlyForDeploymentPostprocessing = 0;
		};
/* End PBXFrameworksBuildPhase section */

/* Begin PBXGroup section */
		CBEA5E7723B0F8BB00F01AF8 = {
			isa = PBXGroup;
			children = (
				CBEA5E9C23B4C21E00F01AF8 /* Main */,
				CBEA5E8A23B0F8C100F01AF8 /* SWExpertAcademy */,
				CBEA5EA823B4D8E700F01AF8 /* BAEKJOON */,
				CBEA5E8123B0F8BB00F01AF8 /* Products */,
			);
			sourceTree = "<group>";
		};
		CBEA5E8123B0F8BB00F01AF8 /* Products */ = {
			isa = PBXGroup;
			children = (
				CBEA5E8023B0F8BB00F01AF8 /* Algorithm */,
				CBEA5E9B23B4C21E00F01AF8 /* Main */,
			);
			name = Products;
			sourceTree = "<group>";
		};
		CBEA5E8A23B0F8C100F01AF8 /* SWExpertAcademy */ = {
			isa = PBXGroup;
			children = (
				CBEA5E8C23B0F8F200F01AF8 /* SWEA_3074.cpp */,
				CBEA5EA623B4D82C00F01AF8 /* SWEA_1204.cpp */,
				CBEA5E8F23B2079900F01AF8 /* SWEA_1824.cpp */,
				CBEA5E9523B49D1200F01AF8 /* SWEA_1486.cpp */,
				CBEA5EA323B4CF0700F01AF8 /* SWEA_1767.cpp */,
				CB19DC2523C0838000ED66FA /* SWEA_2477.cpp */,
				CBE1CE2D23C4B557009B5EBB /* SWEA_4012.cpp */,
				CB01664623C58D1F0097F6F6 /* SWEA_5644.cpp */,
				CB01664823C626000097F6F6 /* SWEA_5658.cpp */,
				CB5A128323DB353E003B8FB0 /* SWEA_2383.cpp */,
				CB3D68F223DC3FBC0000AA4D /* SWEA_2382_1.cpp */,
				CB3D68F423DC41040000AA4D /* SWEA_2382_2.cpp */,
				CB3D68F623DC60270000AA4D /* SWEA_2117.cpp */,
				CBCC372023DD8C7D00681D02 /* SWEA_2115.cpp */,
				CB0E8EF023DFF30D0036589D /* SWEA_2105.cpp */,
				CB5C0E1723E16BE300134C1A /* SWEA_2112.cpp */,
				CB5C0E1923E1993100134C1A /* SWEA_1953.cpp */,
				CB5C0E1B23E296B700134C1A /* SWEA_1949.cpp */,
				CB5C0E1E23E2A90300134C1A /* SWEA_1952.cpp */,
			);
			path = SWExpertAcademy;
			sourceTree = "<group>";
		};
		CBEA5E9C23B4C21E00F01AF8 /* Main */ = {
			isa = PBXGroup;
			children = (
				CBEA5E8323B0F8BB00F01AF8 /* main.cpp */,
			);
			path = Main;
			sourceTree = "<group>";
		};
		CBEA5EA823B4D8E700F01AF8 /* BAEKJOON */ = {
			isa = PBXGroup;
			children = (
				CBEA5EA923B4DCF100F01AF8 /* BOJ_13460.cpp */,
				CBB77AF923B6284900627736 /* BOJ_12100_1.cpp */,
				CBB77AFD23B62E3300627736 /* BOJ_12100_2.cpp */,
				CBB77B0523B778EA00627736 /* BOJ_3190.cpp */,
				CBB77B0723B77B3A00627736 /* BOJ_13458.cpp */,
				CB6005D523B8EA5300D59FE6 /* BOJ_14499.cpp */,
				CB6005D723B9DAF200D59FE6 /* BOJ_14500.cpp */,
				CB6005D923B9FF6E00D59FE6 /* BOJ_14501.cpp */,
				CB78422023BB6C9C00393474 /* BOJ_17144.cpp */,
				CB78422223BBD83D00393474 /* BOJ_17143.cpp */,
				CB78422423BCC76B00393474 /* BOJ_14502.cpp */,
				CB78422623BCF67000393474 /* BOJ_14503.cpp */,
				CB78422823BDF9CA00393474 /* BOJ_15683.cpp */,
				CB78422A23BE46B600393474 /* BOJ_15684.cpp */,
				CB01664A23C8A25D0097F6F6 /* BOJ_15685.cpp */,
				CB01665023CC4A310097F6F6 /* BOJ_15686.cpp */,
				CB0B177123CDF2A4006AF1BB /* BOJ_16234.cpp */,
				CB2F803023D45EF7009ADC71 /* BOJ_16236.cpp */,
				CB2D404623D544C800A67509 /* BOJ_5373.cpp */,
				CB2D404A23D599A300A67509 /* BOJ_17472.cpp */,
				CB6E603823D981C600357DC5 /* BOJ_17142.cpp */,
				CB3278AE23E41E87002233B4 /* BOJ_17779.cpp */,
				CB64D20123E576E4006A6BFA /* BOJ_17136.cpp */,
				CBE5721223E5A70A00794A01 /* BOJ_17471.cpp */,
				CB2DFA4323E6BF0100358206 /* BOJ_17070.cpp */,
				CB2DFA4523E6F27200358206 /* BOJ_16637.cpp */,
			);
			path = BAEKJOON;
			sourceTree = "<group>";
		};
/* End PBXGroup section */

/* Begin PBXNativeTarget section */
		CBEA5E7F23B0F8BB00F01AF8 /* Algorithm */ = {
			isa = PBXNativeTarget;
			buildConfigurationList = CBEA5E8723B0F8BB00F01AF8 /* Build configuration list for PBXNativeTarget "Algorithm" */;
			buildPhases = (
				CBEA5E7C23B0F8BB00F01AF8 /* Sources */,
				CBEA5E7D23B0F8BB00F01AF8 /* Frameworks */,
				CBEA5E7E23B0F8BB00F01AF8 /* CopyFiles */,
			);
			buildRules = (
			);
			dependencies = (
			);
			name = Algorithm;
			productName = Algorithm;
			productReference = CBEA5E8023B0F8BB00F01AF8 /* Algorithm */;
			productType = "com.apple.product-type.tool";
		};
		CBEA5E9A23B4C21E00F01AF8 /* Main */ = {
			isa = PBXNativeTarget;
			buildConfigurationList = CBEA5E9F23B4C21E00F01AF8 /* Build configuration list for PBXNativeTarget "Main" */;
			buildPhases = (
				CBEA5E9723B4C21E00F01AF8 /* Sources */,
				CBEA5E9823B4C21E00F01AF8 /* Frameworks */,
				CBEA5E9923B4C21E00F01AF8 /* CopyFiles */,
			);
			buildRules = (
			);
			dependencies = (
			);
			name = Main;
			productName = Main;
			productReference = CBEA5E9B23B4C21E00F01AF8 /* Main */;
			productType = "com.apple.product-type.tool";
		};
/* End PBXNativeTarget section */

/* Begin PBXProject section */
		CBEA5E7823B0F8BB00F01AF8 /* Project object */ = {
			isa = PBXProject;
			attributes = {
				LastUpgradeCheck = 1020;
				ORGANIZATIONNAME = "박세은";
				TargetAttributes = {
					CBEA5E7F23B0F8BB00F01AF8 = {
						CreatedOnToolsVersion = 10.2.1;
					};
					CBEA5E9A23B4C21E00F01AF8 = {
						CreatedOnToolsVersion = 10.2.1;
					};
				};
			};
			buildConfigurationList = CBEA5E7B23B0F8BB00F01AF8 /* Build configuration list for PBXProject "Algorithm" */;
			compatibilityVersion = "Xcode 9.3";
			developmentRegion = en;
			hasScannedForEncodings = 0;
			knownRegions = (
				en,
			);
			mainGroup = CBEA5E7723B0F8BB00F01AF8;
			productRefGroup = CBEA5E8123B0F8BB00F01AF8 /* Products */;
			projectDirPath = "";
			projectRoot = "";
			targets = (
				CBEA5E7F23B0F8BB00F01AF8 /* Algorithm */,
				CBEA5E9A23B4C21E00F01AF8 /* Main */,
			);
		};
/* End PBXProject section */

/* Begin PBXSourcesBuildPhase section */
		CBEA5E7C23B0F8BB00F01AF8 /* Sources */ = {
			isa = PBXSourcesBuildPhase;
			buildActionMask = 2147483647;
			files = (
				CB0B177223CDF2A4006AF1BB /* BOJ_16234.cpp in Sources */,
				CB0E8EF123DFF30D0036589D /* SWEA_2105.cpp in Sources */,
				CBE1CE2E23C4B557009B5EBB /* SWEA_4012.cpp in Sources */,
				CBEA5EAA23B4DCF100F01AF8 /* BOJ_13460.cpp in Sources */,
				CBEA5EA723B4D82C00F01AF8 /* SWEA_1204.cpp in Sources */,
				CBEA5E9623B49D1200F01AF8 /* SWEA_1486.cpp in Sources */,
				CB78422B23BE46B600393474 /* BOJ_15684.cpp in Sources */,
				CB39A4F823D7D6AE00ABE97F /* BOJ_17472.cpp in Sources */,
				CB2DFA4623E6F27200358206 /* BOJ_16637.cpp in Sources */,
				CB3278AF23E41E87002233B4 /* BOJ_17779.cpp in Sources */,
				CB78422923BDF9CA00393474 /* BOJ_15683.cpp in Sources */,
				CB3D68F723DC60270000AA4D /* SWEA_2117.cpp in Sources */,
				CB5C0E1D23E296B700134C1A /* SWEA_1949.cpp in Sources */,
				CB5C0E1823E16BE300134C1A /* SWEA_2112.cpp in Sources */,
				CB01665223CC4A310097F6F6 /* BOJ_15686.cpp in Sources */,
				CB6005D623B8EA5300D59FE6 /* BOJ_14499.cpp in Sources */,
				CB5C0E1F23E2A90300134C1A /* SWEA_1952.cpp in Sources */,
				CB2D404723D544C800A67509 /* BOJ_5373.cpp in Sources */,
				CB78422523BCC76B00393474 /* BOJ_14502.cpp in Sources */,
				CB5A128423DB353E003B8FB0 /* SWEA_2383.cpp in Sources */,
				CB3D68F523DC41040000AA4D /* SWEA_2382_2.cpp in Sources */,
				CB01664923C626000097F6F6 /* SWEA_5658.cpp in Sources */,
				CB01664B23C8A25D0097F6F6 /* BOJ_15685.cpp in Sources */,
				CB5C0E1A23E1993100134C1A /* SWEA_1953.cpp in Sources */,
				CBB77B0823B77B3A00627736 /* BOJ_13458.cpp in Sources */,
				CBE5721323E5A70A00794A01 /* BOJ_17471.cpp in Sources */,
				CB78422123BB6C9C00393474 /* BOJ_17144.cpp in Sources */,
				CB01664723C58D1F0097F6F6 /* SWEA_5644.cpp in Sources */,
				CB64D20223E576E4006A6BFA /* BOJ_17136.cpp in Sources */,
				CB19DC2623C0838000ED66FA /* SWEA_2477.cpp in Sources */,
				CBEA5E8E23B0F8F200F01AF8 /* SWEA_3074.cpp in Sources */,
				CB6005D823B9DAF200D59FE6 /* BOJ_14500.cpp in Sources */,
				CB6005DA23B9FF6E00D59FE6 /* BOJ_14501.cpp in Sources */,
				CBEA5EA423B4CF0700F01AF8 /* SWEA_1767.cpp in Sources */,
				CBB77AFA23B6284900627736 /* BOJ_12100_1.cpp in Sources */,
				CB6E603923D981C600357DC5 /* BOJ_17142.cpp in Sources */,
				CB78422323BBD83D00393474 /* BOJ_17143.cpp in Sources */,
				CBEA5E9123B2079900F01AF8 /* SWEA_1824.cpp in Sources */,
				CB2F803123D45EF7009ADC71 /* BOJ_16236.cpp in Sources */,
				CB3D68F323DC3FBC0000AA4D /* SWEA_2382_1.cpp in Sources */,
				CB2DFA4423E6BF0100358206 /* BOJ_17070.cpp in Sources */,
				CB78422723BCF67000393474 /* BOJ_14503.cpp in Sources */,
				CBB77AFF23B62E3500627736 /* BOJ_12100_2.cpp in Sources */,
				CBCC372123DD8C7D00681D02 /* SWEA_2115.cpp in Sources */,
				CBB77B0623B778EA00627736 /* BOJ_3190.cpp in Sources */,
			);
			runOnlyForDeploymentPostprocessing = 0;
		};
		CBEA5E9723B4C21E00F01AF8 /* Sources */ = {
			isa = PBXSourcesBuildPhase;
			buildActionMask = 2147483647;
			files = (
				CBB77B0423B7787400627736 /* main.cpp in Sources */,
			);
			runOnlyForDeploymentPostprocessing = 0;
		};
/* End PBXSourcesBuildPhase section */

/* Begin XCBuildConfiguration section */
		CBEA5E8523B0F8BB00F01AF8 /* Debug */ = {
			isa = XCBuildConfiguration;
			buildSettings = {
				ALWAYS_SEARCH_USER_PATHS = NO;
				CLANG_ANALYZER_NONNULL = YES;
				CLANG_ANALYZER_NUMBER_OBJECT_CONVERSION = YES_AGGRESSIVE;
				CLANG_CXX_LANGUAGE_STANDARD = "gnu++14";
				CLANG_CXX_LIBRARY = "libc++";
				CLANG_ENABLE_MODULES = YES;
				CLANG_ENABLE_OBJC_ARC = YES;
				CLANG_ENABLE_OBJC_WEAK = YES;
				CLANG_WARN_BLOCK_CAPTURE_AUTORELEASING = YES;
				CLANG_WARN_BOOL_CONVERSION = YES;
				CLANG_WARN_COMMA = YES;
				CLANG_WARN_CONSTANT_CONVERSION = YES;
				CLANG_WARN_DEPRECATED_OBJC_IMPLEMENTATIONS = YES;
				CLANG_WARN_DIRECT_OBJC_ISA_USAGE = YES_ERROR;
				CLANG_WARN_DOCUMENTATION_COMMENTS = YES;
				CLANG_WARN_EMPTY_BODY = YES;
				CLANG_WARN_ENUM_CONVERSION = YES;
				CLANG_WARN_INFINITE_RECURSION = YES;
				CLANG_WARN_INT_CONVERSION = YES;
				CLANG_WARN_NON_LITERAL_NULL_CONVERSION = YES;
				CLANG_WARN_OBJC_IMPLICIT_RETAIN_SELF = YES;
				CLANG_WARN_OBJC_LITERAL_CONVERSION = YES;
				CLANG_WARN_OBJC_ROOT_CLASS = YES_ERROR;
				CLANG_WARN_RANGE_LOOP_ANALYSIS = YES;
				CLANG_WARN_STRICT_PROTOTYPES = YES;
				CLANG_WARN_SUSPICIOUS_MOVE = YES;
				CLANG_WARN_UNGUARDED_AVAILABILITY = YES_AGGRESSIVE;
				CLANG_WARN_UNREACHABLE_CODE = YES;
				CLANG_WARN__DUPLICATE_METHOD_MATCH = YES;
				CODE_SIGN_IDENTITY = "-";
				COPY_PHASE_STRIP = NO;
				DEBUG_INFORMATION_FORMAT = dwarf;
				ENABLE_STRICT_OBJC_MSGSEND = YES;
				ENABLE_TESTABILITY = YES;
				GCC_C_LANGUAGE_STANDARD = gnu11;
				GCC_DYNAMIC_NO_PIC = NO;
				GCC_NO_COMMON_BLOCKS = YES;
				GCC_OPTIMIZATION_LEVEL = 0;
				GCC_PREPROCESSOR_DEFINITIONS = (
					"DEBUG=1",
					"$(inherited)",
				);
				GCC_WARN_64_TO_32_BIT_CONVERSION = YES;
				GCC_WARN_ABOUT_RETURN_TYPE = YES_ERROR;
				GCC_WARN_UNDECLARED_SELECTOR = YES;
				GCC_WARN_UNINITIALIZED_AUTOS = YES_AGGRESSIVE;
				GCC_WARN_UNUSED_FUNCTION = YES;
				GCC_WARN_UNUSED_VARIABLE = YES;
				MACOSX_DEPLOYMENT_TARGET = 10.14;
				MTL_ENABLE_DEBUG_INFO = INCLUDE_SOURCE;
				MTL_FAST_MATH = YES;
				ONLY_ACTIVE_ARCH = YES;
				SDKROOT = macosx;
			};
			name = Debug;
		};
		CBEA5E8623B0F8BB00F01AF8 /* Release */ = {
			isa = XCBuildConfiguration;
			buildSettings = {
				ALWAYS_SEARCH_USER_PATHS = NO;
				CLANG_ANALYZER_NONNULL = YES;
				CLANG_ANALYZER_NUMBER_OBJECT_CONVERSION = YES_AGGRESSIVE;
				CLANG_CXX_LANGUAGE_STANDARD = "gnu++14";
				CLANG_CXX_LIBRARY = "libc++";
				CLANG_ENABLE_MODULES = YES;
				CLANG_ENABLE_OBJC_ARC = YES;
				CLANG_ENABLE_OBJC_WEAK = YES;
				CLANG_WARN_BLOCK_CAPTURE_AUTORELEASING = YES;
				CLANG_WARN_BOOL_CONVERSION = YES;
				CLANG_WARN_COMMA = YES;
				CLANG_WARN_CONSTANT_CONVERSION = YES;
				CLANG_WARN_DEPRECATED_OBJC_IMPLEMENTATIONS = YES;
				CLANG_WARN_DIRECT_OBJC_ISA_USAGE = YES_ERROR;
				CLANG_WARN_DOCUMENTATION_COMMENTS = YES;
				CLANG_WARN_EMPTY_BODY = YES;
				CLANG_WARN_ENUM_CONVERSION = YES;
				CLANG_WARN_INFINITE_RECURSION = YES;
				CLANG_WARN_INT_CONVERSION = YES;
				CLANG_WARN_NON_LITERAL_NULL_CONVERSION = YES;
				CLANG_WARN_OBJC_IMPLICIT_RETAIN_SELF = YES;
				CLANG_WARN_OBJC_LITERAL_CONVERSION = YES;
				CLANG_WARN_OBJC_ROOT_CLASS = YES_ERROR;
				CLANG_WARN_RANGE_LOOP_ANALYSIS = YES;
				CLANG_WARN_STRICT_PROTOTYPES = YES;
				CLANG_WARN_SUSPICIOUS_MOVE = YES;
				CLANG_WARN_UNGUARDED_AVAILABILITY = YES_AGGRESSIVE;
				CLANG_WARN_UNREACHABLE_CODE = YES;
				CLANG_WARN__DUPLICATE_METHOD_MATCH = YES;
				CODE_SIGN_IDENTITY = "-";
				COPY_PHASE_STRIP = NO;
				DEBUG_INFORMATION_FORMAT = "dwarf-with-dsym";
				ENABLE_NS_ASSERTIONS = NO;
				ENABLE_STRICT_OBJC_MSGSEND = YES;
				GCC_C_LANGUAGE_STANDARD = gnu11;
				GCC_NO_COMMON_BLOCKS = YES;
				GCC_WARN_64_TO_32_BIT_CONVERSION = YES;
				GCC_WARN_ABOUT_RETURN_TYPE = YES_ERROR;
				GCC_WARN_UNDECLARED_SELECTOR = YES;
				GCC_WARN_UNINITIALIZED_AUTOS = YES_AGGRESSIVE;
				GCC_WARN_UNUSED_FUNCTION = YES;
				GCC_WARN_UNUSED_VARIABLE = YES;
				MACOSX_DEPLOYMENT_TARGET = 10.14;
				MTL_ENABLE_DEBUG_INFO = NO;
				MTL_FAST_MATH = YES;
				SDKROOT = macosx;
			};
			name = Release;
		};
		CBEA5E8823B0F8BB00F01AF8 /* Debug */ = {
			isa = XCBuildConfiguration;
			buildSettings = {
				CODE_SIGN_STYLE = Automatic;
				PRODUCT_NAME = "$(TARGET_NAME)";
			};
			name = Debug;
		};
		CBEA5E8923B0F8BB00F01AF8 /* Release */ = {
			isa = XCBuildConfiguration;
			buildSettings = {
				CODE_SIGN_STYLE = Automatic;
				PRODUCT_NAME = "$(TARGET_NAME)";
			};
			name = Release;
		};
		CBEA5EA023B4C21E00F01AF8 /* Debug */ = {
			isa = XCBuildConfiguration;
			buildSettings = {
				CODE_SIGN_STYLE = Automatic;
				PRODUCT_NAME = "$(TARGET_NAME)";
			};
			name = Debug;
		};
		CBEA5EA123B4C21E00F01AF8 /* Release */ = {
			isa = XCBuildConfiguration;
			buildSettings = {
				CODE_SIGN_STYLE = Automatic;
				PRODUCT_NAME = "$(TARGET_NAME)";
			};
			name = Release;
		};
/* End XCBuildConfiguration section */

/* Begin XCConfigurationList section */
		CBEA5E7B23B0F8BB00F01AF8 /* Build configuration list for PBXProject "Algorithm" */ = {
			isa = XCConfigurationList;
			buildConfigurations = (
				CBEA5E8523B0F8BB00F01AF8 /* Debug */,
				CBEA5E8623B0F8BB00F01AF8 /* Release */,
			);
			defaultConfigurationIsVisible = 0;
			defaultConfigurationName = Release;
		};
		CBEA5E8723B0F8BB00F01AF8 /* Build configuration list for PBXNativeTarget "Algorithm" */ = {
			isa = XCConfigurationList;
			buildConfigurations = (
				CBEA5E8823B0F8BB00F01AF8 /* Debug */,
				CBEA5E8923B0F8BB00F01AF8 /* Release */,
			);
			defaultConfigurationIsVisible = 0;
			defaultConfigurationName = Release;
		};
		CBEA5E9F23B4C21E00F01AF8 /* Build configuration list for PBXNativeTarget "Main" */ = {
			isa = XCConfigurationList;
			buildConfigurations = (
				CBEA5EA023B4C21E00F01AF8 /* Debug */,
				CBEA5EA123B4C21E00F01AF8 /* Release */,
			);
			defaultConfigurationIsVisible = 0;
			defaultConfigurationName = Release;
		};
/* End XCConfigurationList section */
	};
	rootObject = CBEA5E7823B0F8BB00F01AF8 /* Project object */;
}
