// !$*UTF8*$!
{
	archiveVersion = 1;
	classes = {
	};
	objectVersion = 50;
	objects = {

/* Begin PBXBuildFile section */
		CBEA5E8E23B0F8F200F01AF8 /* SWEA_3974.cpp in Sources */ = {isa = PBXBuildFile; fileRef = CBEA5E8C23B0F8F200F01AF8 /* SWEA_3974.cpp */; };
		CBEA5E9123B2079900F01AF8 /* SWEA_1824.cpp in Sources */ = {isa = PBXBuildFile; fileRef = CBEA5E8F23B2079900F01AF8 /* SWEA_1824.cpp */; };
		CBEA5E9623B49D1200F01AF8 /* SWEA_1486.cpp in Sources */ = {isa = PBXBuildFile; fileRef = CBEA5E9523B49D1200F01AF8 /* SWEA_1486.cpp */; };
		CBEA5EA223B4C24C00F01AF8 /* main.cpp in Sources */ = {isa = PBXBuildFile; fileRef = CBEA5E8323B0F8BB00F01AF8 /* main.cpp */; };
		CBEA5EA423B4CF0700F01AF8 /* SWEA_1767.cpp in Sources */ = {isa = PBXBuildFile; fileRef = CBEA5EA323B4CF0700F01AF8 /* SWEA_1767.cpp */; };
/* End PBXBuildFile section */

/* Begin PBXCopyFilesBuildPhase section */
		CBEA5E7E23B0F8BB00F01AF8 /* CopyFiles */ = {
			isa = PBXCopyFilesBuildPhase;
			buildActionMask = 2147483647;
			dstPath = /usr/share/man/man1/;
			dstSubfolderSpec = 0;
			files = (
			);
			runOnlyForDeploymentPostprocessing = 1;
		};
		CBEA5E9923B4C21E00F01AF8 /* CopyFiles */ = {
			isa = PBXCopyFilesBuildPhase;
			buildActionMask = 2147483647;
			dstPath = /usr/share/man/man1/;
			dstSubfolderSpec = 0;
			files = (
			);
			runOnlyForDeploymentPostprocessing = 1;
		};
/* End PBXCopyFilesBuildPhase section */

/* Begin PBXFileReference section */
		CBEA5E8023B0F8BB00F01AF8 /* Algorithm */ = {isa = PBXFileReference; explicitFileType = "compiled.mach-o.executable"; includeInIndex = 0; path = Algorithm; sourceTree = BUILT_PRODUCTS_DIR; };
		CBEA5E8323B0F8BB00F01AF8 /* main.cpp */ = {isa = PBXFileReference; lastKnownFileType = sourcecode.cpp.cpp; path = main.cpp; sourceTree = "<group>"; };
		CBEA5E8C23B0F8F200F01AF8 /* SWEA_3974.cpp */ = {isa = PBXFileReference; lastKnownFileType = sourcecode.cpp.cpp; path = SWEA_3974.cpp; sourceTree = "<group>"; };
		CBEA5E8F23B2079900F01AF8 /* SWEA_1824.cpp */ = {isa = PBXFileReference; lastKnownFileType = sourcecode.cpp.cpp; path = SWEA_1824.cpp; sourceTree = "<group>"; };
		CBEA5E9523B49D1200F01AF8 /* SWEA_1486.cpp */ = {isa = PBXFileReference; lastKnownFileType = sourcecode.cpp.cpp; path = SWEA_1486.cpp; sourceTree = "<group>"; };
		CBEA5E9B23B4C21E00F01AF8 /* Main */ = {isa = PBXFileReference; explicitFileType = "compiled.mach-o.executable"; includeInIndex = 0; path = Main; sourceTree = BUILT_PRODUCTS_DIR; };
		CBEA5EA323B4CF0700F01AF8 /* SWEA_1767.cpp */ = {isa = PBXFileReference; lastKnownFileType = sourcecode.cpp.cpp; path = SWEA_1767.cpp; sourceTree = "<group>"; };
/* End PBXFileReference section */

/* Begin PBXFrameworksBuildPhase section */
		CBEA5E7D23B0F8BB00F01AF8 /* Frameworks */ = {
			isa = PBXFrameworksBuildPhase;
			buildActionMask = 2147483647;
			files = (
			);
			runOnlyForDeploymentPostprocessing = 0;
		};
		CBEA5E9823B4C21E00F01AF8 /* Frameworks */ = {
			isa = PBXFrameworksBuildPhase;
			buildActionMask = 2147483647;
			files = (
			);
			runOnlyForDeploymentPostprocessing = 0;
		};
/* End PBXFrameworksBuildPhase section */

/* Begin PBXGroup section */
		CBEA5E7723B0F8BB00F01AF8 = {
			isa = PBXGroup;
			children = (
				CBEA5E9C23B4C21E00F01AF8 /* Main */,
				CBEA5E8A23B0F8C100F01AF8 /* SWExpertAcademy */,
				CBEA5E8123B0F8BB00F01AF8 /* Products */,
			);
			sourceTree = "<group>";
		};
		CBEA5E8123B0F8BB00F01AF8 /* Products */ = {
			isa = PBXGroup;
			children = (
				CBEA5E8023B0F8BB00F01AF8 /* Algorithm */,
				CBEA5E9B23B4C21E00F01AF8 /* Main */,
			);
			name = Products;
			sourceTree = "<group>";
		};
		CBEA5E8A23B0F8C100F01AF8 /* SWExpertAcademy */ = {
			isa = PBXGroup;
			children = (
				CBEA5E8C23B0F8F200F01AF8 /* SWEA_3974.cpp */,
				CBEA5E8F23B2079900F01AF8 /* SWEA_1824.cpp */,
				CBEA5E9523B49D1200F01AF8 /* SWEA_1486.cpp */,
				CBEA5EA323B4CF0700F01AF8 /* SWEA_1767.cpp */,
			);
			path = SWExpertAcademy;
			sourceTree = "<group>";
		};
		CBEA5E9C23B4C21E00F01AF8 /* Main */ = {
			isa = PBXGroup;
			children = (
				CBEA5E8323B0F8BB00F01AF8 /* main.cpp */,
			);
			path = Main;
			sourceTree = "<group>";
		};
/* End PBXGroup section */

/* Begin PBXNativeTarget section */
		CBEA5E7F23B0F8BB00F01AF8 /* Algorithm */ = {
			isa = PBXNativeTarget;
			buildConfigurationList = CBEA5E8723B0F8BB00F01AF8 /* Build configuration list for PBXNativeTarget "Algorithm" */;
			buildPhases = (
				CBEA5E7C23B0F8BB00F01AF8 /* Sources */,
				CBEA5E7D23B0F8BB00F01AF8 /* Frameworks */,
				CBEA5E7E23B0F8BB00F01AF8 /* CopyFiles */,
			);
			buildRules = (
			);
			dependencies = (
			);
			name = Algorithm;
			productName = Algorithm;
			productReference = CBEA5E8023B0F8BB00F01AF8 /* Algorithm */;
			productType = "com.apple.product-type.tool";
		};
		CBEA5E9A23B4C21E00F01AF8 /* Main */ = {
			isa = PBXNativeTarget;
			buildConfigurationList = CBEA5E9F23B4C21E00F01AF8 /* Build configuration list for PBXNativeTarget "Main" */;
			buildPhases = (
				CBEA5E9723B4C21E00F01AF8 /* Sources */,
				CBEA5E9823B4C21E00F01AF8 /* Frameworks */,
				CBEA5E9923B4C21E00F01AF8 /* CopyFiles */,
			);
			buildRules = (
			);
			dependencies = (
			);
			name = Main;
			productName = Main;
			productReference = CBEA5E9B23B4C21E00F01AF8 /* Main */;
			productType = "com.apple.product-type.tool";
		};
/* End PBXNativeTarget section */

/* Begin PBXProject section */
		CBEA5E7823B0F8BB00F01AF8 /* Project object */ = {
			isa = PBXProject;
			attributes = {
				LastUpgradeCheck = 1020;
				ORGANIZATIONNAME = "박세은";
				TargetAttributes = {
					CBEA5E7F23B0F8BB00F01AF8 = {
						CreatedOnToolsVersion = 10.2.1;
					};
					CBEA5E9A23B4C21E00F01AF8 = {
						CreatedOnToolsVersion = 10.2.1;
					};
				};
			};
			buildConfigurationList = CBEA5E7B23B0F8BB00F01AF8 /* Build configuration list for PBXProject "Algorithm" */;
			compatibilityVersion = "Xcode 9.3";
			developmentRegion = en;
			hasScannedForEncodings = 0;
			knownRegions = (
				en,
			);
			mainGroup = CBEA5E7723B0F8BB00F01AF8;
			productRefGroup = CBEA5E8123B0F8BB00F01AF8 /* Products */;
			projectDirPath = "";
			projectRoot = "";
			targets = (
				CBEA5E7F23B0F8BB00F01AF8 /* Algorithm */,
				CBEA5E9A23B4C21E00F01AF8 /* Main */,
			);
		};
/* End PBXProject section */

/* Begin PBXSourcesBuildPhase section */
		CBEA5E7C23B0F8BB00F01AF8 /* Sources */ = {
			isa = PBXSourcesBuildPhase;
			buildActionMask = 2147483647;
			files = (
				CBEA5E9623B49D1200F01AF8 /* SWEA_1486.cpp in Sources */,
				CBEA5E8E23B0F8F200F01AF8 /* SWEA_3974.cpp in Sources */,
				CBEA5EA423B4CF0700F01AF8 /* SWEA_1767.cpp in Sources */,
				CBEA5E9123B2079900F01AF8 /* SWEA_1824.cpp in Sources */,
			);
			runOnlyForDeploymentPostprocessing = 0;
		};
		CBEA5E9723B4C21E00F01AF8 /* Sources */ = {
			isa = PBXSourcesBuildPhase;
			buildActionMask = 2147483647;
			files = (
				CBEA5EA223B4C24C00F01AF8 /* main.cpp in Sources */,
			);
			runOnlyForDeploymentPostprocessing = 0;
		};
/* End PBXSourcesBuildPhase section */

/* Begin XCBuildConfiguration section */
		CBEA5E8523B0F8BB00F01AF8 /* Debug */ = {
			isa = XCBuildConfiguration;
			buildSettings = {
				ALWAYS_SEARCH_USER_PATHS = NO;
				CLANG_ANALYZER_NONNULL = YES;
				CLANG_ANALYZER_NUMBER_OBJECT_CONVERSION = YES_AGGRESSIVE;
				CLANG_CXX_LANGUAGE_STANDARD = "gnu++14";
				CLANG_CXX_LIBRARY = "libc++";
				CLANG_ENABLE_MODULES = YES;
				CLANG_ENABLE_OBJC_ARC = YES;
				CLANG_ENABLE_OBJC_WEAK = YES;
				CLANG_WARN_BLOCK_CAPTURE_AUTORELEASING = YES;
				CLANG_WARN_BOOL_CONVERSION = YES;
				CLANG_WARN_COMMA = YES;
				CLANG_WARN_CONSTANT_CONVERSION = YES;
				CLANG_WARN_DEPRECATED_OBJC_IMPLEMENTATIONS = YES;
				CLANG_WARN_DIRECT_OBJC_ISA_USAGE = YES_ERROR;
				CLANG_WARN_DOCUMENTATION_COMMENTS = YES;
				CLANG_WARN_EMPTY_BODY = YES;
				CLANG_WARN_ENUM_CONVERSION = YES;
				CLANG_WARN_INFINITE_RECURSION = YES;
				CLANG_WARN_INT_CONVERSION = YES;
				CLANG_WARN_NON_LITERAL_NULL_CONVERSION = YES;
				CLANG_WARN_OBJC_IMPLICIT_RETAIN_SELF = YES;
				CLANG_WARN_OBJC_LITERAL_CONVERSION = YES;
				CLANG_WARN_OBJC_ROOT_CLASS = YES_ERROR;
				CLANG_WARN_RANGE_LOOP_ANALYSIS = YES;
				CLANG_WARN_STRICT_PROTOTYPES = YES;
				CLANG_WARN_SUSPICIOUS_MOVE = YES;
				CLANG_WARN_UNGUARDED_AVAILABILITY = YES_AGGRESSIVE;
				CLANG_WARN_UNREACHABLE_CODE = YES;
				CLANG_WARN__DUPLICATE_METHOD_MATCH = YES;
				CODE_SIGN_IDENTITY = "-";
				COPY_PHASE_STRIP = NO;
				DEBUG_INFORMATION_FORMAT = dwarf;
				ENABLE_STRICT_OBJC_MSGSEND = YES;
				ENABLE_TESTABILITY = YES;
				GCC_C_LANGUAGE_STANDARD = gnu11;
				GCC_DYNAMIC_NO_PIC = NO;
				GCC_NO_COMMON_BLOCKS = YES;
				GCC_OPTIMIZATION_LEVEL = 0;
				GCC_PREPROCESSOR_DEFINITIONS = (
					"DEBUG=1",
					"$(inherited)",
				);
				GCC_WARN_64_TO_32_BIT_CONVERSION = YES;
				GCC_WARN_ABOUT_RETURN_TYPE = YES_ERROR;
				GCC_WARN_UNDECLARED_SELECTOR = YES;
				GCC_WARN_UNINITIALIZED_AUTOS = YES_AGGRESSIVE;
				GCC_WARN_UNUSED_FUNCTION = YES;
				GCC_WARN_UNUSED_VARIABLE = YES;
				MACOSX_DEPLOYMENT_TARGET = 10.14;
				MTL_ENABLE_DEBUG_INFO = INCLUDE_SOURCE;
				MTL_FAST_MATH = YES;
				ONLY_ACTIVE_ARCH = YES;
				SDKROOT = macosx;
			};
			name = Debug;
		};
		CBEA5E8623B0F8BB00F01AF8 /* Release */ = {
			isa = XCBuildConfiguration;
			buildSettings = {
				ALWAYS_SEARCH_USER_PATHS = NO;
				CLANG_ANALYZER_NONNULL = YES;
				CLANG_ANALYZER_NUMBER_OBJECT_CONVERSION = YES_AGGRESSIVE;
				CLANG_CXX_LANGUAGE_STANDARD = "gnu++14";
				CLANG_CXX_LIBRARY = "libc++";
				CLANG_ENABLE_MODULES = YES;
				CLANG_ENABLE_OBJC_ARC = YES;
				CLANG_ENABLE_OBJC_WEAK = YES;
				CLANG_WARN_BLOCK_CAPTURE_AUTORELEASING = YES;
				CLANG_WARN_BOOL_CONVERSION = YES;
				CLANG_WARN_COMMA = YES;
				CLANG_WARN_CONSTANT_CONVERSION = YES;
				CLANG_WARN_DEPRECATED_OBJC_IMPLEMENTATIONS = YES;
				CLANG_WARN_DIRECT_OBJC_ISA_USAGE = YES_ERROR;
				CLANG_WARN_DOCUMENTATION_COMMENTS = YES;
				CLANG_WARN_EMPTY_BODY = YES;
				CLANG_WARN_ENUM_CONVERSION = YES;
				CLANG_WARN_INFINITE_RECURSION = YES;
				CLANG_WARN_INT_CONVERSION = YES;
				CLANG_WARN_NON_LITERAL_NULL_CONVERSION = YES;
				CLANG_WARN_OBJC_IMPLICIT_RETAIN_SELF = YES;
				CLANG_WARN_OBJC_LITERAL_CONVERSION = YES;
				CLANG_WARN_OBJC_ROOT_CLASS = YES_ERROR;
				CLANG_WARN_RANGE_LOOP_ANALYSIS = YES;
				CLANG_WARN_STRICT_PROTOTYPES = YES;
				CLANG_WARN_SUSPICIOUS_MOVE = YES;
				CLANG_WARN_UNGUARDED_AVAILABILITY = YES_AGGRESSIVE;
				CLANG_WARN_UNREACHABLE_CODE = YES;
				CLANG_WARN__DUPLICATE_METHOD_MATCH = YES;
				CODE_SIGN_IDENTITY = "-";
				COPY_PHASE_STRIP = NO;
				DEBUG_INFORMATION_FORMAT = "dwarf-with-dsym";
				ENABLE_NS_ASSERTIONS = NO;
				ENABLE_STRICT_OBJC_MSGSEND = YES;
				GCC_C_LANGUAGE_STANDARD = gnu11;
				GCC_NO_COMMON_BLOCKS = YES;
				GCC_WARN_64_TO_32_BIT_CONVERSION = YES;
				GCC_WARN_ABOUT_RETURN_TYPE = YES_ERROR;
				GCC_WARN_UNDECLARED_SELECTOR = YES;
				GCC_WARN_UNINITIALIZED_AUTOS = YES_AGGRESSIVE;
				GCC_WARN_UNUSED_FUNCTION = YES;
				GCC_WARN_UNUSED_VARIABLE = YES;
				MACOSX_DEPLOYMENT_TARGET = 10.14;
				MTL_ENABLE_DEBUG_INFO = NO;
				MTL_FAST_MATH = YES;
				SDKROOT = macosx;
			};
			name = Release;
		};
		CBEA5E8823B0F8BB00F01AF8 /* Debug */ = {
			isa = XCBuildConfiguration;
			buildSettings = {
				CODE_SIGN_STYLE = Automatic;
				PRODUCT_NAME = "$(TARGET_NAME)";
			};
			name = Debug;
		};
		CBEA5E8923B0F8BB00F01AF8 /* Release */ = {
			isa = XCBuildConfiguration;
			buildSettings = {
				CODE_SIGN_STYLE = Automatic;
				PRODUCT_NAME = "$(TARGET_NAME)";
			};
			name = Release;
		};
		CBEA5EA023B4C21E00F01AF8 /* Debug */ = {
			isa = XCBuildConfiguration;
			buildSettings = {
				CODE_SIGN_STYLE = Automatic;
				PRODUCT_NAME = "$(TARGET_NAME)";
			};
			name = Debug;
		};
		CBEA5EA123B4C21E00F01AF8 /* Release */ = {
			isa = XCBuildConfiguration;
			buildSettings = {
				CODE_SIGN_STYLE = Automatic;
				PRODUCT_NAME = "$(TARGET_NAME)";
			};
			name = Release;
		};
/* End XCBuildConfiguration section */

/* Begin XCConfigurationList section */
		CBEA5E7B23B0F8BB00F01AF8 /* Build configuration list for PBXProject "Algorithm" */ = {
			isa = XCConfigurationList;
			buildConfigurations = (
				CBEA5E8523B0F8BB00F01AF8 /* Debug */,
				CBEA5E8623B0F8BB00F01AF8 /* Release */,
			);
			defaultConfigurationIsVisible = 0;
			defaultConfigurationName = Release;
		};
		CBEA5E8723B0F8BB00F01AF8 /* Build configuration list for PBXNativeTarget "Algorithm" */ = {
			isa = XCConfigurationList;
			buildConfigurations = (
				CBEA5E8823B0F8BB00F01AF8 /* Debug */,
				CBEA5E8923B0F8BB00F01AF8 /* Release */,
			);
			defaultConfigurationIsVisible = 0;
			defaultConfigurationName = Release;
		};
		CBEA5E9F23B4C21E00F01AF8 /* Build configuration list for PBXNativeTarget "Main" */ = {
			isa = XCConfigurationList;
			buildConfigurations = (
				CBEA5EA023B4C21E00F01AF8 /* Debug */,
				CBEA5EA123B4C21E00F01AF8 /* Release */,
			);
			defaultConfigurationIsVisible = 0;
			defaultConfigurationName = Release;
		};
/* End XCConfigurationList section */
	};
	rootObject = CBEA5E7823B0F8BB00F01AF8 /* Project object */;
}
